// !$*UTF8*$!
{
	archiveVersion = 1;
	classes = {
	};
	objectVersion = 46;
	objects = {
		60AF60800C2EE0756D882505 = {
			isa = PBXBuildFile;
			fileRef = A71BC482FB5AB5DB7C54E905;
		};
		D9DBDD1294DB386332852D4E = {
			isa = PBXBuildFile;
			fileRef = B53FEF7FF681818425589990;
		};
		FFA7141603E8599552CE4E88 = {
			isa = PBXBuildFile;
			fileRef = A8D2D41FBC7D78F31481E770;
		};
		5514A62A359D0DFD3554F17B = {
			isa = PBXBuildFile;
			fileRef = B79023CC2E1530D04BEC95C8;
		};
		D1AE8435779440384626C3CB = {
			isa = PBXBuildFile;
			fileRef = DE8A12D57777A7B0D44C1676;
		};
		E9E1191CDE9FD2847D27F48F = {
			isa = PBXBuildFile;
			fileRef = 3A1377459D6E8265D51BB4C3;
		};
		581EB9AA2CB007F83641A767 = {
			isa = PBXBuildFile;
			fileRef = F8B504DAB17F002F6B7592EB;
		};
		B42D0BFFC1D81440C2182AE0 = {
			isa = PBXBuildFile;
			fileRef = 5BEB3E5B78C93412E9BEF4D8;
		};
		A463A0EE8669EFF2FFFC87EE = {
			isa = PBXBuildFile;
			fileRef = 496FE6CC46F3A154266ED81E;
		};
		7F576E83D7967200EAB4A825 = {
			isa = PBXBuildFile;
			fileRef = 925352B1B15CC675C836EB35;
		};
		A171474058828B4797E665B5 = {
			isa = PBXBuildFile;
			fileRef = A4812BDB2D112D8F8ECC7455;
		};
		2845B0FA6C7927A2E1CE5865 = {
			isa = PBXBuildFile;
			fileRef = FFFEA92364AC8859B863E31E;
		};
		C1B56928FD349FC1817B0817 = {
			isa = PBXBuildFile;
			fileRef = 064FACD2CAF08779EA6053EA;
		};
		EC7F971AD4C46363BA94E6F2 = {
			isa = PBXBuildFile;
			fileRef = 2A2B2371074EBFA7E7782F3E;
		};
		5DF9617062DDE83CB0093D2B = {
			isa = PBXBuildFile;
			fileRef = 57A9B02BB818F35BCBCF5597;
		};
		5692D6EA5135758F0CCA4881 = {
			isa = PBXBuildFile;
			fileRef = 4B9E41B439965B4DB112DB56;
		};
		F64D47862EB45C16B6DF6A0A = {
			isa = PBXBuildFile;
			fileRef = 9F030F0AE73436A3FCA8BCA6;
		};
		1863C5C2573FA169E0AFAD99 = {
			isa = PBXBuildFile;
			fileRef = BE2DCC1D973A665637FCEAF6;
		};
		3C23A1D8D6646C35A477D186 = {
			isa = PBXBuildFile;
			fileRef = 48D9CE9CA62E596577072E05;
		};
		0E68E7A13EBA2E55A85B2135 = {
			isa = PBXBuildFile;
			fileRef = 023A8CAD5FB3E12ADD317F44;
		};
		F8547CDFBEABFAB28FEDEB06 = {
			isa = PBXBuildFile;
			fileRef = 01B162DCAA8B2F7562582F54;
		};
		2B047750A606D4214E0B22A6 = {
			isa = PBXBuildFile;
			fileRef = 2DF6AEBE9264CA760CA2A0F6;
		};
		BAD2A2CA67CC0219677F54C8 = {
			isa = PBXBuildFile;
			fileRef = 9795EBFDACAAE32DA60E9EA0;
		};
		4E8AD3B61349BFE6720754A6 = {
			isa = PBXBuildFile;
			fileRef = 571912D72B33C650CC0EA28B;
		};
		8044F3D365FC9B02F8A267B6 = {
			isa = PBXBuildFile;
			fileRef = 7D77061C4DA1C305142CA8A9;
		};
		0F0D6593AEC0F810CB97BB15 = {
			isa = PBXBuildFile;
			fileRef = 0B5CAA6483276E1E6C711E09;
		};
		F9E9A29E4FFDA24EFDDF1E95 = {
			isa = PBXBuildFile;
			fileRef = 25B2D23F4AAE6918E2585864;
		};
		98CD42946380BFD550AC09AA = {
			isa = PBXBuildFile;
			fileRef = B897E36EF5B0089A6D226EA5;
		};
		424DA5E4FFFC93A08AC055FF = {
			isa = PBXBuildFile;
			fileRef = BBFA1774B34253410717AF37;
		};
		06EC0321D09836A3B833FC2D = {
			isa = PBXBuildFile;
			fileRef = B70D19E386BCB3ADE8F29807;
		};
		C2FECB4C1DAD1CF5305F3DD3 = {
			isa = PBXBuildFile;
			fileRef = 7BC0B68039CBBCC6F2C57AE2;
		};
		5E19B589A8EB5A1B2FB35160 = {
			isa = PBXBuildFile;
			fileRef = 4FCB97028A8B683F0763BCE5;
		};
		A26B7881BD9DE45C4134D3AD = {
			isa = PBXBuildFile;
			fileRef = C0FBB3B559979AC5D74822F5;
		};
		25138E9C7ACFEDB71B6BE222 = {
			isa = PBXBuildFile;
			fileRef = 18D4243568A5F38F937A0859;
		};
		74F9C960BCB94FF584878BD3 = {
			isa = PBXBuildFile;
			fileRef = 862B315E2C9D46A2D185FD33;
		};
		808D64542744255D5B50ED4B = {
			isa = PBXBuildFile;
			fileRef = C4A61E418A7BD48B14C60843;
		};
		14190E44C8878624375C94B4 = {
			isa = PBXBuildFile;
			fileRef = 4EB2D00276E7F3C63DCE798A;
		};
		8FFC1F7E596B7A08C603812F = {
			isa = PBXBuildFile;
			fileRef = 16DE41527D7B50A19EA52DB7;
		};
		50243B891A29A69C6DA329CB = {
			isa = PBXBuildFile;
			fileRef = AC3F3796D9A17B4BFFA9384D;
		};
		9BBB7E0CEA3E31D8FE17C24A = {
			isa = PBXBuildFile;
			fileRef = B5A1D59A6A1B834F0710DEFA;
		};
		01B162DCAA8B2F7562582F54 = {
			isa = PBXFileReference;
			lastKnownFileType = sourcecode.cpp.objcpp;
			name = "include_juce_audio_basics.mm";
			path = "../../JuceLibraryCode/include_juce_audio_basics.mm";
			sourceTree = "SOURCE_ROOT";
		};
		023A8CAD5FB3E12ADD317F44 = {
			isa = PBXFileReference;
			lastKnownFileType = sourcecode.cpp.cpp;
			name = PluginEditor.cpp;
			path = ../../Source/PluginEditor.cpp;
			sourceTree = "SOURCE_ROOT";
		};
		064FACD2CAF08779EA6053EA = {
			isa = PBXFileReference;
			lastKnownFileType = wrapper.framework;
			name = DiscRecording.framework;
			path = System/Library/Frameworks/DiscRecording.framework;
			sourceTree = SDKROOT;
		};
		0705DC7B97F6D1D1D1B79E7F = {
			isa = PBXFileReference;
			lastKnownFileType = sourcecode.c.h;
			name = AppConfig.h;
			path = ../../JuceLibraryCode/AppConfig.h;
			sourceTree = "SOURCE_ROOT";
		};
		0B5CAA6483276E1E6C711E09 = {
			isa = PBXFileReference;
			lastKnownFileType = sourcecode.cpp.objcpp;
			name = "include_juce_audio_plugin_client_AU_2.mm";
			path = "../../JuceLibraryCode/include_juce_audio_plugin_client_AU_2.mm";
			sourceTree = "SOURCE_ROOT";
		};
		16DE41527D7B50A19EA52DB7 = {
			isa = PBXFileReference;
			lastKnownFileType = sourcecode.cpp.objcpp;
			name = "include_juce_gui_basics.mm";
			path = "../../JuceLibraryCode/include_juce_gui_basics.mm";
			sourceTree = "SOURCE_ROOT";
		};
		18D4243568A5F38F937A0859 = {
			isa = PBXFileReference;
			lastKnownFileType = sourcecode.cpp.objcpp;
			name = "include_juce_cryptography.mm";
			path = "../../JuceLibraryCode/include_juce_cryptography.mm";
			sourceTree = "SOURCE_ROOT";
		};
		1F5ACD98C5D12AD4F1950BCB = {
			isa = PBXFileReference;
			lastKnownFileType = file;
			name = "juce_audio_processors";
			path = "/Applications/JUCE/modules/juce_audio_processors";
			sourceTree = "<absolute>";
		};
		1FC436FF6519D8E8608749E9 = {
			isa = PBXFileReference;
			lastKnownFileType = file;
			name = "juce_audio_formats";
			path = "/Applications/JUCE/modules/juce_audio_formats";
			sourceTree = "<absolute>";
		};
		240A67379646F676C9E44D36 = {
			isa = PBXFileReference;
			lastKnownFileType = sourcecode.c.h;
			name = JuceHeader.h;
			path = ../../JuceLibraryCode/JuceHeader.h;
			sourceTree = "SOURCE_ROOT";
		};
		25B2D23F4AAE6918E2585864 = {
			isa = PBXFileReference;
			lastKnownFileType = sourcecode.cpp.cpp;
			name = "include_juce_audio_plugin_client_Standalone.cpp";
			path = "../../JuceLibraryCode/include_juce_audio_plugin_client_Standalone.cpp";
			sourceTree = "SOURCE_ROOT";
		};
		2A2B2371074EBFA7E7782F3E = {
			isa = PBXFileReference;
			lastKnownFileType = wrapper.framework;
			name = IOKit.framework;
			path = System/Library/Frameworks/IOKit.framework;
			sourceTree = SDKROOT;
		};
		2DF6AEBE9264CA760CA2A0F6 = {
			isa = PBXFileReference;
			lastKnownFileType = sourcecode.cpp.objcpp;
			name = "include_juce_audio_devices.mm";
			path = "../../JuceLibraryCode/include_juce_audio_devices.mm";
			sourceTree = "SOURCE_ROOT";
		};
		368673485A14D01F6900B40A = {
			isa = PBXFileReference;
			lastKnownFileType = text.plist.xml;
			name = VocoderTake2.entitlements;
			path = VocoderTake2.entitlements;
			sourceTree = "SOURCE_ROOT";
		};
		3A1377459D6E8265D51BB4C3 = {
			isa = PBXFileReference;
			lastKnownFileType = wrapper.framework;
			name = AudioToolbox.framework;
			path = System/Library/Frameworks/AudioToolbox.framework;
			sourceTree = SDKROOT;
		};
		452F912016114E641EEBAD78 = {
			isa = PBXFileReference;
			lastKnownFileType = file;
			name = "juce_events";
			path = "/Applications/JUCE/modules/juce_events";
			sourceTree = "<absolute>";
		};
		48D9CE9CA62E596577072E05 = {
			isa = PBXFileReference;
			lastKnownFileType = sourcecode.cpp.cpp;
			name = PluginProcessor.cpp;
			path = ../../Source/PluginProcessor.cpp;
			sourceTree = "SOURCE_ROOT";
		};
		496FE6CC46F3A154266ED81E = {
			isa = PBXFileReference;
			lastKnownFileType = wrapper.framework;
			name = Cocoa.framework;
			path = System/Library/Frameworks/Cocoa.framework;
			sourceTree = SDKROOT;
		};
		4B9E41B439965B4DB112DB56 = {
			isa = PBXFileReference;
			lastKnownFileType = wrapper.framework;
			name = QuartzCore.framework;
			path = System/Library/Frameworks/QuartzCore.framework;
			sourceTree = SDKROOT;
		};
		4EB2D00276E7F3C63DCE798A = {
			isa = PBXFileReference;
			lastKnownFileType = sourcecode.cpp.objcpp;
			name = "include_juce_graphics.mm";
			path = "../../JuceLibraryCode/include_juce_graphics.mm";
			sourceTree = "SOURCE_ROOT";
		};
		4FCB97028A8B683F0763BCE5 = {
			isa = PBXFileReference;
			lastKnownFileType = sourcecode.cpp.objcpp;
			name = "include_juce_audio_utils.mm";
			path = "../../JuceLibraryCode/include_juce_audio_utils.mm";
			sourceTree = "SOURCE_ROOT";
		};
		56F4582BBCDD725D4A677197 = {
			isa = PBXFileReference;
			lastKnownFileType = file;
			name = "juce_graphics";
			path = "/Applications/JUCE/modules/juce_graphics";
			sourceTree = "<absolute>";
		};
		571912D72B33C650CC0EA28B = {
			isa = PBXFileReference;
			lastKnownFileType = file.r;
			name = "include_juce_audio_plugin_client_AU.r";
			path = "../../JuceLibraryCode/include_juce_audio_plugin_client_AU.r";
			sourceTree = "SOURCE_ROOT";
		};
		57A9B02BB818F35BCBCF5597 = {
			isa = PBXFileReference;
			lastKnownFileType = wrapper.framework;
			name = OpenGL.framework;
			path = System/Library/Frameworks/OpenGL.framework;
			sourceTree = SDKROOT;
		};
		5ABF49D358F409A1AD5A52FA = {
			isa = PBXFileReference;
			lastKnownFileType = file;
			name = "juce_audio_utils";
			path = "/Applications/JUCE/modules/juce_audio_utils";
			sourceTree = "<absolute>";
		};
		5BEB3E5B78C93412E9BEF4D8 = {
			isa = PBXFileReference;
			lastKnownFileType = wrapper.framework;
			name = Carbon.framework;
			path = System/Library/Frameworks/Carbon.framework;
			sourceTree = SDKROOT;
		};
		6B2E06FB1F7F228F1C765E70 = {
			isa = PBXFileReference;
			lastKnownFileType = sourcecode.c.h;
			name = PluginEditor.h;
			path = ../../Source/PluginEditor.h;
			sourceTree = "SOURCE_ROOT";
		};
		6F97A657D9DE7BBBF4F4594E = {
			isa = PBXFileReference;
			lastKnownFileType = file;
			name = "juce_audio_devices";
			path = "/Applications/JUCE/modules/juce_audio_devices";
			sourceTree = "<absolute>";
		};
		74E839F8EF8518FBE10F2CB9 = {
			isa = PBXFileReference;
			lastKnownFileType = file;
			name = "juce_audio_plugin_client";
			path = "/Applications/JUCE/modules/juce_audio_plugin_client";
			sourceTree = "<absolute>";
		};
		7BC0B68039CBBCC6F2C57AE2 = {
			isa = PBXFileReference;
			lastKnownFileType = sourcecode.cpp.objcpp;
			name = "include_juce_audio_processors.mm";
			path = "../../JuceLibraryCode/include_juce_audio_processors.mm";
			sourceTree = "SOURCE_ROOT";
		};
		7D2C74390730BEEF2DF5B5DB = {
			isa = PBXFileReference;
			lastKnownFileType = text.plist.xml;
			name = "Info-VST3.plist";
			path = "Info-VST3.plist";
			sourceTree = "SOURCE_ROOT";
		};
		7D77061C4DA1C305142CA8A9 = {
			isa = PBXFileReference;
			lastKnownFileType = sourcecode.cpp.objcpp;
			name = "include_juce_audio_plugin_client_AU_1.mm";
			path = "../../JuceLibraryCode/include_juce_audio_plugin_client_AU_1.mm";
			sourceTree = "SOURCE_ROOT";
		};
		7DAAEB2F25528E0C2D296609 = {
			isa = PBXFileReference;
			lastKnownFileType = file;
			name = "juce_audio_basics";
			path = "/Applications/JUCE/modules/juce_audio_basics";
			sourceTree = "<absolute>";
		};
		8145A92DF7D7C26B6F8A7438 = {
			isa = PBXFileReference;
			lastKnownFileType = text.plist.xml;
			name = "Info-Standalone_Plugin.plist";
			path = "Info-Standalone_Plugin.plist";
			sourceTree = "SOURCE_ROOT";
		};
		862B315E2C9D46A2D185FD33 = {
			isa = PBXFileReference;
			lastKnownFileType = sourcecode.cpp.objcpp;
			name = "include_juce_data_structures.mm";
			path = "../../JuceLibraryCode/include_juce_data_structures.mm";
			sourceTree = "SOURCE_ROOT";
		};
		925352B1B15CC675C836EB35 = {
			isa = PBXFileReference;
			lastKnownFileType = wrapper.framework;
			name = CoreAudio.framework;
			path = System/Library/Frameworks/CoreAudio.framework;
			sourceTree = SDKROOT;
		};
		9795EBFDACAAE32DA60E9EA0 = {
			isa = PBXFileReference;
			lastKnownFileType = sourcecode.cpp.objcpp;
			name = "include_juce_audio_formats.mm";
			path = "../../JuceLibraryCode/include_juce_audio_formats.mm";
			sourceTree = "SOURCE_ROOT";
		};
		9F030F0AE73436A3FCA8BCA6 = {
			isa = PBXFileReference;
			lastKnownFileType = wrapper.framework;
			name = WebKit.framework;
			path = System/Library/Frameworks/WebKit.framework;
			sourceTree = SDKROOT;
		};
		A4812BDB2D112D8F8ECC7455 = {
			isa = PBXFileReference;
			lastKnownFileType = wrapper.framework;
			name = CoreAudioKit.framework;
			path = System/Library/Frameworks/CoreAudioKit.framework;
			sourceTree = SDKROOT;
		};
		A71BC482FB5AB5DB7C54E905 = {
			isa = PBXFileReference;
			explicitFileType = wrapper.cfbundle;
			includeInIndex = 0;
			path = VocoderTake2.vst3;
			sourceTree = "BUILT_PRODUCTS_DIR";
		};
		B53FEF7FF681818425589990 = {
			isa = PBXFileReference;
			explicitFileType = wrapper.cfbundle;
			includeInIndex = 0;
			path = VocoderTake2.component;
			sourceTree = "BUILT_PRODUCTS_DIR";
		};
		A8D2D41FBC7D78F31481E770 = {
			isa = PBXFileReference;
			explicitFileType = wrapper.application;
			includeInIndex = 0;
			path = VocoderTake2.app;
			sourceTree = "BUILT_PRODUCTS_DIR";
		};
		AC3F3796D9A17B4BFFA9384D = {
			isa = PBXFileReference;
			lastKnownFileType = sourcecode.cpp.objcpp;
			name = "include_juce_gui_extra.mm";
			path = "../../JuceLibraryCode/include_juce_gui_extra.mm";
			sourceTree = "SOURCE_ROOT";
		};
		B5A1D59A6A1B834F0710DEFA = {
			isa = PBXFileReference;
			lastKnownFileType = sourcecode.cpp.objcpp;
			name = "include_juce_opengl.mm";
			path = "../../JuceLibraryCode/include_juce_opengl.mm";
			sourceTree = "SOURCE_ROOT";
		};
		B70D19E386BCB3ADE8F29807 = {
			isa = PBXFileReference;
			lastKnownFileType = sourcecode.cpp.cpp;
			name = "include_juce_audio_plugin_client_VST3.cpp";
			path = "../../JuceLibraryCode/include_juce_audio_plugin_client_VST3.cpp";
			sourceTree = "SOURCE_ROOT";
		};
		B79023CC2E1530D04BEC95C8 = {
			isa = PBXFileReference;
			explicitFileType = archive.ar;
			includeInIndex = 0;
			path = libVocoderTake2.a;
			sourceTree = "BUILT_PRODUCTS_DIR";
		};
		B897E36EF5B0089A6D226EA5 = {
			isa = PBXFileReference;
			lastKnownFileType = sourcecode.cpp.cpp;
			name = "include_juce_audio_plugin_client_utils.cpp";
			path = "../../JuceLibraryCode/include_juce_audio_plugin_client_utils.cpp";
			sourceTree = "SOURCE_ROOT";
		};
		B8D52C47BB9093A56AB09DC8 = {
			isa = PBXFileReference;
			lastKnownFileType = file;
			name = "juce_gui_basics";
			path = "/Applications/JUCE/modules/juce_gui_basics";
			sourceTree = "<absolute>";
		};
		BBFA1774B34253410717AF37 = {
			isa = PBXFileReference;
			lastKnownFileType = sourcecode.cpp.objcpp;
			name = "include_juce_audio_plugin_client_VST_utils.mm";
			path = "../../JuceLibraryCode/include_juce_audio_plugin_client_VST_utils.mm";
			sourceTree = "SOURCE_ROOT";
		};
		BE2DCC1D973A665637FCEAF6 = {
			isa = PBXFileReference;
			lastKnownFileType = file.nib;
			name = RecentFilesMenuTemplate.nib;
			path = RecentFilesMenuTemplate.nib;
			sourceTree = "SOURCE_ROOT";
		};
		C0FBB3B559979AC5D74822F5 = {
			isa = PBXFileReference;
			lastKnownFileType = sourcecode.cpp.objcpp;
			name = "include_juce_core.mm";
			path = "../../JuceLibraryCode/include_juce_core.mm";
			sourceTree = "SOURCE_ROOT";
		};
		C4A61E418A7BD48B14C60843 = {
			isa = PBXFileReference;
			lastKnownFileType = sourcecode.cpp.objcpp;
			name = "include_juce_events.mm";
			path = "../../JuceLibraryCode/include_juce_events.mm";
			sourceTree = "SOURCE_ROOT";
		};
		C6B9239FEE3BC6CD5022854C = {
			isa = PBXFileReference;
			lastKnownFileType = file;
			name = "juce_gui_extra";
			path = "/Applications/JUCE/modules/juce_gui_extra";
			sourceTree = "<absolute>";
		};
		D1EC09631BCC5EA8926AC020 = {
			isa = PBXFileReference;
			lastKnownFileType = file;
			name = "juce_cryptography";
			path = "/Applications/JUCE/modules/juce_cryptography";
			sourceTree = "<absolute>";
		};
		DA2BE57AEC44164489D24306 = {
			isa = PBXFileReference;
			lastKnownFileType = text.plist.xml;
			name = "Info-AU.plist";
			path = "Info-AU.plist";
			sourceTree = "SOURCE_ROOT";
		};
		DE8A12D57777A7B0D44C1676 = {
			isa = PBXFileReference;
			lastKnownFileType = wrapper.framework;
			name = Accelerate.framework;
			path = System/Library/Frameworks/Accelerate.framework;
			sourceTree = SDKROOT;
		};
		E1141CD5BAEFD3D6FAE908BF = {
			isa = PBXFileReference;
			lastKnownFileType = file;
			name = "juce_data_structures";
			path = "/Applications/JUCE/modules/juce_data_structures";
			sourceTree = "<absolute>";
		};
		E2F5A0ED7179A35BF15B774E = {
			isa = PBXFileReference;
			lastKnownFileType = file;
			name = "juce_opengl";
			path = "/Applications/JUCE/modules/juce_opengl";
			sourceTree = "<absolute>";
		};
		E815BA8FF8A54374F4353909 = {
			isa = PBXFileReference;
			lastKnownFileType = file;
			name = "juce_core";
			path = "/Applications/JUCE/modules/juce_core";
			sourceTree = "<absolute>";
		};
		F1A94283B1A3A04C43FAB23B = {
			isa = PBXFileReference;
			lastKnownFileType = sourcecode.c.h;
			name = PluginProcessor.h;
			path = ../../Source/PluginProcessor.h;
			sourceTree = "SOURCE_ROOT";
		};
		F8B504DAB17F002F6B7592EB = {
			isa = PBXFileReference;
			lastKnownFileType = wrapper.framework;
			name = AudioUnit.framework;
			path = System/Library/Frameworks/AudioUnit.framework;
			sourceTree = SDKROOT;
		};
		FFFEA92364AC8859B863E31E = {
			isa = PBXFileReference;
			lastKnownFileType = wrapper.framework;
			name = CoreMIDI.framework;
			path = System/Library/Frameworks/CoreMIDI.framework;
			sourceTree = SDKROOT;
		};
		4BADBB8EA787186E7BD090C6 = {
			isa = PBXGroup;
			children = (
				48D9CE9CA62E596577072E05,
				F1A94283B1A3A04C43FAB23B,
				023A8CAD5FB3E12ADD317F44,
				6B2E06FB1F7F228F1C765E70,
			);
			name = Source;
			sourceTree = "<group>";
		};
		2D617A0F2BB6321EEAE31575 = {
			isa = PBXGroup;
			children = (
				4BADBB8EA787186E7BD090C6,
			);
			name = VocoderTake2;
			sourceTree = "<group>";
		};
		9324E7454C37EA1433171195 = {
			isa = PBXGroup;
			children = (
				7DAAEB2F25528E0C2D296609,
				6F97A657D9DE7BBBF4F4594E,
				1FC436FF6519D8E8608749E9,
				74E839F8EF8518FBE10F2CB9,
				1F5ACD98C5D12AD4F1950BCB,
				5ABF49D358F409A1AD5A52FA,
				E815BA8FF8A54374F4353909,
				D1EC09631BCC5EA8926AC020,
				E1141CD5BAEFD3D6FAE908BF,
				452F912016114E641EEBAD78,
				56F4582BBCDD725D4A677197,
				B8D52C47BB9093A56AB09DC8,
				C6B9239FEE3BC6CD5022854C,
				E2F5A0ED7179A35BF15B774E,
			);
			name = "JUCE Modules";
			sourceTree = "<group>";
		};
		E7B9D178F63F58A22B57CFFA = {
			isa = PBXGroup;
			children = (
				0705DC7B97F6D1D1D1B79E7F,
				01B162DCAA8B2F7562582F54,
				2DF6AEBE9264CA760CA2A0F6,
				9795EBFDACAAE32DA60E9EA0,
				571912D72B33C650CC0EA28B,
				7D77061C4DA1C305142CA8A9,
				0B5CAA6483276E1E6C711E09,
				25B2D23F4AAE6918E2585864,
				B897E36EF5B0089A6D226EA5,
				BBFA1774B34253410717AF37,
				B70D19E386BCB3ADE8F29807,
				7BC0B68039CBBCC6F2C57AE2,
				4FCB97028A8B683F0763BCE5,
				C0FBB3B559979AC5D74822F5,
				18D4243568A5F38F937A0859,
				862B315E2C9D46A2D185FD33,
				C4A61E418A7BD48B14C60843,
				4EB2D00276E7F3C63DCE798A,
				16DE41527D7B50A19EA52DB7,
				AC3F3796D9A17B4BFFA9384D,
				B5A1D59A6A1B834F0710DEFA,
				240A67379646F676C9E44D36,
			);
			name = "JUCE Library Code";
			sourceTree = "<group>";
		};
		58598D152BE102AEADA338D7 = {
			isa = PBXGroup;
			children = (
				7D2C74390730BEEF2DF5B5DB,
				DA2BE57AEC44164489D24306,
				8145A92DF7D7C26B6F8A7438,
				BE2DCC1D973A665637FCEAF6,
			);
			name = Resources;
			sourceTree = "<group>";
		};
		245A03FE19EA2901883D14DD = {
			isa = PBXGroup;
			children = (
				DE8A12D57777A7B0D44C1676,
				3A1377459D6E8265D51BB4C3,
				F8B504DAB17F002F6B7592EB,
				5BEB3E5B78C93412E9BEF4D8,
				496FE6CC46F3A154266ED81E,
				925352B1B15CC675C836EB35,
				A4812BDB2D112D8F8ECC7455,
				FFFEA92364AC8859B863E31E,
				064FACD2CAF08779EA6053EA,
				2A2B2371074EBFA7E7782F3E,
				57A9B02BB818F35BCBCF5597,
				4B9E41B439965B4DB112DB56,
				9F030F0AE73436A3FCA8BCA6,
			);
			name = Frameworks;
			sourceTree = "<group>";
		};
		8053C9A3CB6137BE6C6F5FE3 = {
			isa = PBXGroup;
			children = (
				A71BC482FB5AB5DB7C54E905,
				B53FEF7FF681818425589990,
				A8D2D41FBC7D78F31481E770,
				B79023CC2E1530D04BEC95C8,
			);
			name = Products;
			sourceTree = "<group>";
		};
		A0D45A5D44162709103C7751 = {
			isa = PBXGroup;
			children = (
				368673485A14D01F6900B40A,
				2D617A0F2BB6321EEAE31575,
				9324E7454C37EA1433171195,
				E7B9D178F63F58A22B57CFFA,
				58598D152BE102AEADA338D7,
				245A03FE19EA2901883D14DD,
				8053C9A3CB6137BE6C6F5FE3,
			);
			name = Source;
			sourceTree = "<group>";
		};
		43EBFB7F3FD12AFF63EA211D = {
			isa = XCBuildConfiguration;
			buildSettings = {
				MACOSX_DEPLOYMENT_TARGET = 10.11;
			};
			name = Debug;
		};
		0A16D6DE9FC9749831098B46 = {
			isa = XCBuildConfiguration;
			buildSettings = {
				MACOSX_DEPLOYMENT_TARGET = 10.11;
			};
			name = Release;
		};
		FC7462EE4B39A6BA8EBA86AF = {
			isa = XCBuildConfiguration;
			buildSettings = {
				CLANG_CXX_LANGUAGE_STANDARD = "c++14";
				CLANG_CXX_LIBRARY = "libc++";
				CLANG_LINK_OBJC_RUNTIME = NO;
				COMBINE_HIDPI_IMAGES = YES;
				CONFIGURATION_BUILD_DIR = "$(PROJECT_DIR)/build/$(CONFIGURATION)";
				COPY_PHASE_STRIP = NO;
				DEPLOYMENT_LOCATION = YES;
				DSTROOT = /;
				GCC_DYNAMIC_NO_PIC = NO;
				GCC_OPTIMIZATION_LEVEL = 0;
				GCC_PREPROCESSOR_DEFINITIONS = (
					"_DEBUG=1",
					"DEBUG=1",
					"JUCER_XCODE_MAC_F6D2F4CF=1",
					"JUCE_APP_VERSION=1.0.0",
					"JUCE_APP_VERSION_HEX=0x10000",
					"JucePlugin_Build_VST=0",
					"JucePlugin_Build_VST3=1",
					"JucePlugin_Build_AU=0",
					"JucePlugin_Build_AUv3=0",
					"JucePlugin_Build_RTAS=0",
					"JucePlugin_Build_AAX=0",
					"JucePlugin_Build_Standalone=0",
					"JucePlugin_Build_Unity=0",
				);
				GCC_VERSION = com.apple.compilers.llvm.clang.1_0;
				GENERATE_PKGINFO_FILE = YES;
				HEADER_SEARCH_PATHS = (
					"/Applications/JUCE/modules/juce_audio_processors/format_types/VST3_SDK",
					"../../JuceLibraryCode",
					"/Applications/JUCE/modules",
					"/Applications/JUCE/modules/juce_audio_plugin_client",
					"$(inherited)",
				);
				INFOPLIST_FILE = Info-VST3.plist;
				INFOPLIST_PREPROCESS = NO;
				INSTALL_PATH = "$(HOME)/Library/Audio/Plug-Ins/VST3/";
				LIBRARY_STYLE = Bundle;
				MACOSX_DEPLOYMENT_TARGET = 10.11;
				OTHER_LDFLAGS = "-bundle -lVocoderTake2";
				PRODUCT_BUNDLE_IDENTIFIER = com.AustinAndRyan.VocoderTake2;
				PRODUCT_NAME = "VocoderTake2";
				USE_HEADERMAP = NO;
				WRAPPER_EXTENSION = vst3;
			};
			name = Debug;
		};
		442A4D414D39C4C06B6666A4 = {
			isa = XCBuildConfiguration;
			buildSettings = {
				CLANG_CXX_LANGUAGE_STANDARD = "c++14";
				CLANG_CXX_LIBRARY = "libc++";
				CLANG_LINK_OBJC_RUNTIME = NO;
				COMBINE_HIDPI_IMAGES = YES;
				CONFIGURATION_BUILD_DIR = "$(PROJECT_DIR)/build/$(CONFIGURATION)";
				DEAD_CODE_STRIPPING = YES;
				DEPLOYMENT_LOCATION = YES;
				DSTROOT = /;
				GCC_GENERATE_DEBUGGING_SYMBOLS = NO;
				GCC_OPTIMIZATION_LEVEL = 3;
				GCC_PREPROCESSOR_DEFINITIONS = (
					"_NDEBUG=1",
					"NDEBUG=1",
					"JUCER_XCODE_MAC_F6D2F4CF=1",
					"JUCE_APP_VERSION=1.0.0",
					"JUCE_APP_VERSION_HEX=0x10000",
					"JucePlugin_Build_VST=0",
					"JucePlugin_Build_VST3=1",
					"JucePlugin_Build_AU=0",
					"JucePlugin_Build_AUv3=0",
					"JucePlugin_Build_RTAS=0",
					"JucePlugin_Build_AAX=0",
					"JucePlugin_Build_Standalone=0",
					"JucePlugin_Build_Unity=0",
				);
				GCC_SYMBOLS_PRIVATE_EXTERN = YES;
				GCC_VERSION = com.apple.compilers.llvm.clang.1_0;
				GENERATE_PKGINFO_FILE = YES;
				HEADER_SEARCH_PATHS = (
					"/Applications/JUCE/modules/juce_audio_processors/format_types/VST3_SDK",
					"../../JuceLibraryCode",
					"/Applications/JUCE/modules",
					"/Applications/JUCE/modules/juce_audio_plugin_client",
					"$(inherited)",
				);
				INFOPLIST_FILE = Info-VST3.plist;
				INFOPLIST_PREPROCESS = NO;
				INSTALL_PATH = "$(HOME)/Library/Audio/Plug-Ins/VST3/";
				LIBRARY_STYLE = Bundle;
				LLVM_LTO = YES;
				MACOSX_DEPLOYMENT_TARGET = 10.11;
				OTHER_LDFLAGS = "-bundle -lVocoderTake2";
				PRODUCT_BUNDLE_IDENTIFIER = com.AustinAndRyan.VocoderTake2;
				PRODUCT_NAME = "VocoderTake2";
				USE_HEADERMAP = NO;
				WRAPPER_EXTENSION = vst3;
			};
			name = Release;
		};
		86F285C4686E1A7970C7F601 = {
			isa = XCBuildConfiguration;
			buildSettings = {
				CLANG_CXX_LANGUAGE_STANDARD = "c++14";
				CLANG_CXX_LIBRARY = "libc++";
				CLANG_LINK_OBJC_RUNTIME = NO;
				COMBINE_HIDPI_IMAGES = YES;
				CONFIGURATION_BUILD_DIR = "$(PROJECT_DIR)/build/$(CONFIGURATION)";
				COPY_PHASE_STRIP = NO;
				DEPLOYMENT_LOCATION = YES;
				DSTROOT = /;
				GCC_DYNAMIC_NO_PIC = NO;
				GCC_OPTIMIZATION_LEVEL = 0;
				GCC_PREPROCESSOR_DEFINITIONS = (
					"_DEBUG=1",
					"DEBUG=1",
					"JUCER_XCODE_MAC_F6D2F4CF=1",
					"JUCE_APP_VERSION=1.0.0",
					"JUCE_APP_VERSION_HEX=0x10000",
					"JucePlugin_Build_VST=0",
					"JucePlugin_Build_VST3=0",
					"JucePlugin_Build_AU=1",
					"JucePlugin_Build_AUv3=0",
					"JucePlugin_Build_RTAS=0",
					"JucePlugin_Build_AAX=0",
					"JucePlugin_Build_Standalone=0",
					"JucePlugin_Build_Unity=0",
				);
				GCC_VERSION = com.apple.compilers.llvm.clang.1_0;
				GENERATE_PKGINFO_FILE = YES;
				HEADER_SEARCH_PATHS = (
					"/Applications/JUCE/modules/juce_audio_processors/format_types/VST3_SDK",
					"../../JuceLibraryCode",
					"/Applications/JUCE/modules",
					"/Applications/JUCE/modules/juce_audio_plugin_client",
					"$(inherited)",
				);
				INFOPLIST_FILE = Info-AU.plist;
				INFOPLIST_PREPROCESS = NO;
				INSTALL_PATH = "$(HOME)/Library/Audio/Plug-Ins/Components/";
				LIBRARY_STYLE = Bundle;
				MACOSX_DEPLOYMENT_TARGET = 10.11;
				OTHER_LDFLAGS = "-bundle -lVocoderTake2";
				OTHER_REZFLAGS = "-d ppc_$ppc -d i386_$i386 -d ppc64_$ppc64 -d x86_64_$x86_64 -I /System/Library/Frameworks/CoreServices.framework/Frameworks/CarbonCore.framework/Versions/A/Headers -I \"$(DEVELOPER_DIR)/Extras/CoreAudio/AudioUnits/AUPublic/AUBase\"";
				PRODUCT_BUNDLE_IDENTIFIER = com.AustinAndRyan.VocoderTake2;
				PRODUCT_NAME = "VocoderTake2";
				USE_HEADERMAP = NO;
				WRAPPER_EXTENSION = component;
			};
			name = Debug;
		};
		288EF24AF3B2CA168D9709A7 = {
			isa = XCBuildConfiguration;
			buildSettings = {
				CLANG_CXX_LANGUAGE_STANDARD = "c++14";
				CLANG_CXX_LIBRARY = "libc++";
				CLANG_LINK_OBJC_RUNTIME = NO;
				COMBINE_HIDPI_IMAGES = YES;
				CONFIGURATION_BUILD_DIR = "$(PROJECT_DIR)/build/$(CONFIGURATION)";
				DEAD_CODE_STRIPPING = YES;
				DEPLOYMENT_LOCATION = YES;
				DSTROOT = /;
				GCC_GENERATE_DEBUGGING_SYMBOLS = NO;
				GCC_OPTIMIZATION_LEVEL = 3;
				GCC_PREPROCESSOR_DEFINITIONS = (
					"_NDEBUG=1",
					"NDEBUG=1",
					"JUCER_XCODE_MAC_F6D2F4CF=1",
					"JUCE_APP_VERSION=1.0.0",
					"JUCE_APP_VERSION_HEX=0x10000",
					"JucePlugin_Build_VST=0",
					"JucePlugin_Build_VST3=0",
					"JucePlugin_Build_AU=1",
					"JucePlugin_Build_AUv3=0",
					"JucePlugin_Build_RTAS=0",
					"JucePlugin_Build_AAX=0",
					"JucePlugin_Build_Standalone=0",
					"JucePlugin_Build_Unity=0",
				);
				GCC_SYMBOLS_PRIVATE_EXTERN = YES;
				GCC_VERSION = com.apple.compilers.llvm.clang.1_0;
				GENERATE_PKGINFO_FILE = YES;
				HEADER_SEARCH_PATHS = (
					"/Applications/JUCE/modules/juce_audio_processors/format_types/VST3_SDK",
					"../../JuceLibraryCode",
					"/Applications/JUCE/modules",
					"/Applications/JUCE/modules/juce_audio_plugin_client",
					"$(inherited)",
				);
				INFOPLIST_FILE = Info-AU.plist;
				INFOPLIST_PREPROCESS = NO;
				INSTALL_PATH = "$(HOME)/Library/Audio/Plug-Ins/Components/";
				LIBRARY_STYLE = Bundle;
				LLVM_LTO = YES;
				MACOSX_DEPLOYMENT_TARGET = 10.11;
				OTHER_LDFLAGS = "-bundle -lVocoderTake2";
				OTHER_REZFLAGS = "-d ppc_$ppc -d i386_$i386 -d ppc64_$ppc64 -d x86_64_$x86_64 -I /System/Library/Frameworks/CoreServices.framework/Frameworks/CarbonCore.framework/Versions/A/Headers -I \"$(DEVELOPER_DIR)/Extras/CoreAudio/AudioUnits/AUPublic/AUBase\"";
				PRODUCT_BUNDLE_IDENTIFIER = com.AustinAndRyan.VocoderTake2;
				PRODUCT_NAME = "VocoderTake2";
				USE_HEADERMAP = NO;
				WRAPPER_EXTENSION = component;
			};
			name = Release;
		};
		CD5D83950447616B2F313924 = {
			isa = XCBuildConfiguration;
			buildSettings = {
				CLANG_CXX_LANGUAGE_STANDARD = "c++14";
				CLANG_CXX_LIBRARY = "libc++";
				CLANG_LINK_OBJC_RUNTIME = NO;
				COMBINE_HIDPI_IMAGES = YES;
				CONFIGURATION_BUILD_DIR = "$(PROJECT_DIR)/build/$(CONFIGURATION)";
				COPY_PHASE_STRIP = NO;
				GCC_DYNAMIC_NO_PIC = NO;
				GCC_OPTIMIZATION_LEVEL = 0;
				GCC_PREPROCESSOR_DEFINITIONS = (
					"_DEBUG=1",
					"DEBUG=1",
					"JUCER_XCODE_MAC_F6D2F4CF=1",
					"JUCE_APP_VERSION=1.0.0",
					"JUCE_APP_VERSION_HEX=0x10000",
					"JucePlugin_Build_VST=0",
					"JucePlugin_Build_VST3=0",
					"JucePlugin_Build_AU=0",
					"JucePlugin_Build_AUv3=0",
					"JucePlugin_Build_RTAS=0",
					"JucePlugin_Build_AAX=0",
					"JucePlugin_Build_Standalone=1",
					"JucePlugin_Build_Unity=0",
				);
				GCC_VERSION = com.apple.compilers.llvm.clang.1_0;
				HEADER_SEARCH_PATHS = (
					"/Applications/JUCE/modules/juce_audio_processors/format_types/VST3_SDK",
					"../../JuceLibraryCode",
					"/Applications/JUCE/modules",
					"/Applications/JUCE/modules/juce_audio_plugin_client",
					"$(inherited)",
				);
				INFOPLIST_FILE = Info-Standalone_Plugin.plist;
				INFOPLIST_PREPROCESS = NO;
				MACOSX_DEPLOYMENT_TARGET = 10.11;
				OTHER_LDFLAGS = "-lVocoderTake2";
				PRODUCT_BUNDLE_IDENTIFIER = com.AustinAndRyan.VocoderTake2;
				PRODUCT_NAME = "VocoderTake2";
				USE_HEADERMAP = NO;
			};
			name = Debug;
		};
		F7AE8718079911C6827FBF98 = {
			isa = XCBuildConfiguration;
			buildSettings = {
				CLANG_CXX_LANGUAGE_STANDARD = "c++14";
				CLANG_CXX_LIBRARY = "libc++";
				CLANG_LINK_OBJC_RUNTIME = NO;
				COMBINE_HIDPI_IMAGES = YES;
				CONFIGURATION_BUILD_DIR = "$(PROJECT_DIR)/build/$(CONFIGURATION)";
				DEAD_CODE_STRIPPING = YES;
				GCC_GENERATE_DEBUGGING_SYMBOLS = NO;
				GCC_OPTIMIZATION_LEVEL = 3;
				GCC_PREPROCESSOR_DEFINITIONS = (
					"_NDEBUG=1",
					"NDEBUG=1",
					"JUCER_XCODE_MAC_F6D2F4CF=1",
					"JUCE_APP_VERSION=1.0.0",
					"JUCE_APP_VERSION_HEX=0x10000",
					"JucePlugin_Build_VST=0",
					"JucePlugin_Build_VST3=0",
					"JucePlugin_Build_AU=0",
					"JucePlugin_Build_AUv3=0",
					"JucePlugin_Build_RTAS=0",
					"JucePlugin_Build_AAX=0",
					"JucePlugin_Build_Standalone=1",
					"JucePlugin_Build_Unity=0",
				);
				GCC_SYMBOLS_PRIVATE_EXTERN = YES;
				GCC_VERSION = com.apple.compilers.llvm.clang.1_0;
				HEADER_SEARCH_PATHS = (
					"/Applications/JUCE/modules/juce_audio_processors/format_types/VST3_SDK",
					"../../JuceLibraryCode",
					"/Applications/JUCE/modules",
					"/Applications/JUCE/modules/juce_audio_plugin_client",
					"$(inherited)",
				);
				INFOPLIST_FILE = Info-Standalone_Plugin.plist;
				INFOPLIST_PREPROCESS = NO;
				LLVM_LTO = YES;
				MACOSX_DEPLOYMENT_TARGET = 10.11;
				OTHER_LDFLAGS = "-lVocoderTake2";
				PRODUCT_BUNDLE_IDENTIFIER = com.AustinAndRyan.VocoderTake2;
				PRODUCT_NAME = "VocoderTake2";
				USE_HEADERMAP = NO;
			};
			name = Release;
		};
		43633356AB9F37C0010B5E43 = {
			isa = XCBuildConfiguration;
			buildSettings = {
				CLANG_CXX_LANGUAGE_STANDARD = "c++14";
				CLANG_CXX_LIBRARY = "libc++";
				CLANG_LINK_OBJC_RUNTIME = NO;
				COMBINE_HIDPI_IMAGES = YES;
				CONFIGURATION_BUILD_DIR = "$(PROJECT_DIR)/build/$(CONFIGURATION)";
				COPY_PHASE_STRIP = NO;
				GCC_DYNAMIC_NO_PIC = NO;
				GCC_OPTIMIZATION_LEVEL = 0;
				GCC_PREPROCESSOR_DEFINITIONS = (
					"_DEBUG=1",
					"DEBUG=1",
					"JUCER_XCODE_MAC_F6D2F4CF=1",
					"JUCE_APP_VERSION=1.0.0",
					"JUCE_APP_VERSION_HEX=0x10000",
					"JucePlugin_Build_VST=0",
					"JucePlugin_Build_VST3=1",
					"JucePlugin_Build_AU=1",
					"JucePlugin_Build_AUv3=0",
					"JucePlugin_Build_RTAS=0",
					"JucePlugin_Build_AAX=0",
					"JucePlugin_Build_Standalone=1",
					"JucePlugin_Build_Unity=0",
					"JUCE_SHARED_CODE=1",
				);
				GCC_VERSION = com.apple.compilers.llvm.clang.1_0;
				HEADER_SEARCH_PATHS = (
					"/Applications/JUCE/modules/juce_audio_processors/format_types/VST3_SDK",
					"../../JuceLibraryCode",
					"/Applications/JUCE/modules",
					"/Applications/JUCE/modules/juce_audio_plugin_client",
					"$(inherited)",
				);
				INSTALL_PATH = "@executable_path/../Frameworks";
				MACOSX_DEPLOYMENT_TARGET = 10.11;
				PRODUCT_BUNDLE_IDENTIFIER = com.AustinAndRyan.VocoderTake2;
				PRODUCT_NAME = "VocoderTake2";
				SKIP_INSTALL = YES;
				USE_HEADERMAP = NO;
			};
			name = Debug;
		};
		45802E563A727DD6BB08F788 = {
			isa = XCBuildConfiguration;
			buildSettings = {
				CLANG_CXX_LANGUAGE_STANDARD = "c++14";
				CLANG_CXX_LIBRARY = "libc++";
				CLANG_LINK_OBJC_RUNTIME = NO;
				COMBINE_HIDPI_IMAGES = YES;
				CONFIGURATION_BUILD_DIR = "$(PROJECT_DIR)/build/$(CONFIGURATION)";
				DEAD_CODE_STRIPPING = YES;
				GCC_GENERATE_DEBUGGING_SYMBOLS = NO;
				GCC_OPTIMIZATION_LEVEL = 3;
				GCC_PREPROCESSOR_DEFINITIONS = (
					"_NDEBUG=1",
					"NDEBUG=1",
					"JUCER_XCODE_MAC_F6D2F4CF=1",
					"JUCE_APP_VERSION=1.0.0",
					"JUCE_APP_VERSION_HEX=0x10000",
					"JucePlugin_Build_VST=0",
					"JucePlugin_Build_VST3=1",
					"JucePlugin_Build_AU=1",
					"JucePlugin_Build_AUv3=0",
					"JucePlugin_Build_RTAS=0",
					"JucePlugin_Build_AAX=0",
					"JucePlugin_Build_Standalone=1",
					"JucePlugin_Build_Unity=0",
					"JUCE_SHARED_CODE=1",
				);
				GCC_SYMBOLS_PRIVATE_EXTERN = YES;
				GCC_VERSION = com.apple.compilers.llvm.clang.1_0;
				HEADER_SEARCH_PATHS = (
					"/Applications/JUCE/modules/juce_audio_processors/format_types/VST3_SDK",
					"../../JuceLibraryCode",
					"/Applications/JUCE/modules",
					"/Applications/JUCE/modules/juce_audio_plugin_client",
					"$(inherited)",
				);
				INSTALL_PATH = "@executable_path/../Frameworks";
				LLVM_LTO = YES;
				MACOSX_DEPLOYMENT_TARGET = 10.11;
				PRODUCT_BUNDLE_IDENTIFIER = com.AustinAndRyan.VocoderTake2;
				PRODUCT_NAME = "VocoderTake2";
				SKIP_INSTALL = YES;
				USE_HEADERMAP = NO;
			};
			name = Release;
		};
		598EF1319B39E7923B19EB8E = {
			isa = XCBuildConfiguration;
			buildSettings = {
				ALWAYS_SEARCH_USER_PATHS = NO;
				CLANG_ENABLE_OBJC_WEAK = YES;
				CLANG_WARN_BLOCK_CAPTURE_AUTORELEASING = YES;
				CLANG_WARN_BOOL_CONVERSION = YES;
				CLANG_WARN_COMMA = YES;
				CLANG_WARN_CONSTANT_CONVERSION = YES;
				CLANG_WARN_DEPRECATED_OBJC_IMPLEMENTATIONS = YES;
				CLANG_WARN_EMPTY_BODY = YES;
				CLANG_WARN_ENUM_CONVERSION = YES;
				CLANG_WARN_INFINITE_RECURSION = YES;
				CLANG_WARN_INT_CONVERSION = YES;
				CLANG_WARN_NON_LITERAL_NULL_CONVERSION = YES;
				CLANG_WARN_OBJC_IMPLICIT_RETAIN_SELF = YES;
				CLANG_WARN_OBJC_LITERAL_CONVERSION = YES;
				CLANG_WARN_RANGE_LOOP_ANALYSIS = YES;
				CLANG_WARN_STRICT_PROTOTYPES = YES;
				CLANG_WARN_SUSPICIOUS_MOVE = YES;
				CLANG_WARN_UNREACHABLE_CODE = YES;
				CLANG_WARN__DUPLICATE_METHOD_MATCH = YES;
				DEBUG_INFORMATION_FORMAT = dwarf;
				ENABLE_STRICT_OBJC_MSGSEND = YES;
				ENABLE_TESTABILITY = YES;
				GCC_C_LANGUAGE_STANDARD = c11;
				GCC_INLINES_ARE_PRIVATE_EXTERN = YES;
				GCC_MODEL_TUNING = G5;
				GCC_NO_COMMON_BLOCKS = YES;
				GCC_WARN_64_TO_32_BIT_CONVERSION = YES;
				GCC_WARN_ABOUT_RETURN_TYPE = YES;
				GCC_WARN_CHECK_SWITCH_STATEMENTS = YES;
				GCC_WARN_MISSING_PARENTHESES = YES;
				GCC_WARN_NON_VIRTUAL_DESTRUCTOR = YES;
				GCC_WARN_TYPECHECK_CALLS_TO_PRINTF = YES;
				GCC_WARN_UNDECLARED_SELECTOR = YES;
				GCC_WARN_UNINITIALIZED_AUTOS = YES;
				GCC_WARN_UNUSED_FUNCTION = YES;
				GCC_WARN_UNUSED_VARIABLE = YES;
				ONLY_ACTIVE_ARCH = YES;
				PRODUCT_NAME = "VocoderTake2";
				WARNING_CFLAGS = "-Wreorder";
				ZERO_LINK = NO;
			};
			name = Debug;
		};
		438CD3E8C37B5977BDC55499 = {
			isa = XCBuildConfiguration;
			buildSettings = {
				ALWAYS_SEARCH_USER_PATHS = NO;
				CLANG_ENABLE_OBJC_WEAK = YES;
				CLANG_WARN_BLOCK_CAPTURE_AUTORELEASING = YES;
				CLANG_WARN_BOOL_CONVERSION = YES;
				CLANG_WARN_COMMA = YES;
				CLANG_WARN_CONSTANT_CONVERSION = YES;
				CLANG_WARN_DEPRECATED_OBJC_IMPLEMENTATIONS = YES;
				CLANG_WARN_EMPTY_BODY = YES;
				CLANG_WARN_ENUM_CONVERSION = YES;
				CLANG_WARN_INFINITE_RECURSION = YES;
				CLANG_WARN_INT_CONVERSION = YES;
				CLANG_WARN_NON_LITERAL_NULL_CONVERSION = YES;
				CLANG_WARN_OBJC_IMPLICIT_RETAIN_SELF = YES;
				CLANG_WARN_OBJC_LITERAL_CONVERSION = YES;
				CLANG_WARN_RANGE_LOOP_ANALYSIS = YES;
				CLANG_WARN_STRICT_PROTOTYPES = YES;
				CLANG_WARN_SUSPICIOUS_MOVE = YES;
				CLANG_WARN_UNREACHABLE_CODE = YES;
				CLANG_WARN__DUPLICATE_METHOD_MATCH = YES;
				DEBUG_INFORMATION_FORMAT = dwarf;
				ENABLE_STRICT_OBJC_MSGSEND = YES;
				GCC_C_LANGUAGE_STANDARD = c11;
				GCC_INLINES_ARE_PRIVATE_EXTERN = YES;
				GCC_MODEL_TUNING = G5;
				GCC_NO_COMMON_BLOCKS = YES;
				GCC_WARN_64_TO_32_BIT_CONVERSION = YES;
				GCC_WARN_ABOUT_RETURN_TYPE = YES;
				GCC_WARN_CHECK_SWITCH_STATEMENTS = YES;
				GCC_WARN_MISSING_PARENTHESES = YES;
				GCC_WARN_NON_VIRTUAL_DESTRUCTOR = YES;
				GCC_WARN_TYPECHECK_CALLS_TO_PRINTF = YES;
				GCC_WARN_UNDECLARED_SELECTOR = YES;
				GCC_WARN_UNINITIALIZED_AUTOS = YES;
				GCC_WARN_UNUSED_FUNCTION = YES;
				GCC_WARN_UNUSED_VARIABLE = YES;
				PRODUCT_NAME = "VocoderTake2";
				WARNING_CFLAGS = "-Wreorder";
				ZERO_LINK = NO;
			};
			name = Release;
		};
		B8F5109DCCBB7CF02716F904 = {
			isa = PBXTargetDependency;
			target = E244C1EF3156D585178B1992;
		};
		9A39388B679B08DB728341D4 = {
			isa = PBXTargetDependency;
			target = 05023856F136137D1CB8643C;
		};
		74C177C8CE8F8A977674FA35 = {
			isa = PBXTargetDependency;
			target = 79880A34D109B5D7A553E475;
		};
		728C1B3AF99FF24683D9B405 = {
			isa = PBXTargetDependency;
			target = 83A1C01D3DCE620E585DA745;
		};
		25CE583EB9FB0BEF9733F055 = {
			isa = XCConfigurationList;
			buildConfigurations = (
				598EF1319B39E7923B19EB8E,
				438CD3E8C37B5977BDC55499,
			);
			defaultConfigurationIsVisible = 0;
			defaultConfigurationName = Debug;
		};
		EE1156104A8CE868356E6CBD = {
			isa = XCConfigurationList;
			buildConfigurations = (
				43EBFB7F3FD12AFF63EA211D,
				0A16D6DE9FC9749831098B46,
			);
			defaultConfigurationIsVisible = 0;
			defaultConfigurationName = Debug;
		};
		788C793D12E8A7DF3C1F5D9E = {
			isa = PBXAggregateTarget;
			buildConfigurationList = EE1156104A8CE868356E6CBD;
			buildPhases = ( );
			buildRules = ( );
			dependencies = (
				B8F5109DCCBB7CF02716F904,
				9A39388B679B08DB728341D4,
				74C177C8CE8F8A977674FA35,
				728C1B3AF99FF24683D9B405,
			);
			name = "VocoderTake2 - All";
			productName = VocoderTake2;
		};
		86A255EE07B3CE551ABCCB4F = {
			isa = XCConfigurationList;
			buildConfigurations = (
				FC7462EE4B39A6BA8EBA86AF,
				442A4D414D39C4C06B6666A4,
			);
			defaultConfigurationIsVisible = 0;
			defaultConfigurationName = Debug;
		};
		821AA2CEE06E9D4854673829 = {
			isa = PBXResourcesBuildPhase;
			buildActionMask = 2147483647;
			files = (
				1863C5C2573FA169E0AFAD99,
			);
			runOnlyForDeploymentPostprocessing = 0;
		};
		CBB7C0C4F7B293CDCC18DE6F = {
			isa = PBXSourcesBuildPhase;
			buildActionMask = 2147483647;
			files = (
				06EC0321D09836A3B833FC2D,
			);
			runOnlyForDeploymentPostprocessing = 0;
		};
		2953B69B58D0DC20805201E9 = {
			isa = PBXFrameworksBuildPhase;
			buildActionMask = 2147483647;
			files = (
				D1AE8435779440384626C3CB,
				E9E1191CDE9FD2847D27F48F,
				B42D0BFFC1D81440C2182AE0,
				A463A0EE8669EFF2FFFC87EE,
				7F576E83D7967200EAB4A825,
				2845B0FA6C7927A2E1CE5865,
				C1B56928FD349FC1817B0817,
				EC7F971AD4C46363BA94E6F2,
				5DF9617062DDE83CB0093D2B,
				5692D6EA5135758F0CCA4881,
				F64D47862EB45C16B6DF6A0A,
			);
			runOnlyForDeploymentPostprocessing = 0;
		};
		E244C1EF3156D585178B1992 = {
			isa = PBXNativeTarget;
			buildConfigurationList = 86A255EE07B3CE551ABCCB4F;
			buildPhases = (
				821AA2CEE06E9D4854673829,
				CBB7C0C4F7B293CDCC18DE6F,
				2953B69B58D0DC20805201E9,
			);
			buildRules = ( );
			dependencies = (
				728C1B3AF99FF24683D9B405,
			);
			name = "VocoderTake2 - VST3";
			productName = VocoderTake2;
			productReference = A71BC482FB5AB5DB7C54E905;
			productType = "com.apple.product-type.bundle";
		};
		45A3A11C1138FEECB988E19D = {
			isa = XCConfigurationList;
			buildConfigurations = (
				86F285C4686E1A7970C7F601,
				288EF24AF3B2CA168D9709A7,
			);
			defaultConfigurationIsVisible = 0;
			defaultConfigurationName = Debug;
		};
		D81335A340B056CEBFB4ED57 = {
			isa = PBXResourcesBuildPhase;
			buildActionMask = 2147483647;
			files = (
				1863C5C2573FA169E0AFAD99,
			);
			runOnlyForDeploymentPostprocessing = 0;
		};
		5BBC4ADD13424F702E877BF3 = {
			isa = PBXRezBuildPhase;
			buildActionMask = 2147483647;
			files = (
				4E8AD3B61349BFE6720754A6,
			);
			runOnlyForDeploymentPostprocessing = 0;
		};
		4581125822B33A429AC22246 = {
			isa = PBXSourcesBuildPhase;
			buildActionMask = 2147483647;
			files = (
				8044F3D365FC9B02F8A267B6,
				0F0D6593AEC0F810CB97BB15,
			);
			runOnlyForDeploymentPostprocessing = 0;
		};
		15D550128969465A8580D7A6 = {
			isa = PBXFrameworksBuildPhase;
			buildActionMask = 2147483647;
			files = (
				D1AE8435779440384626C3CB,
				E9E1191CDE9FD2847D27F48F,
				581EB9AA2CB007F83641A767,
				B42D0BFFC1D81440C2182AE0,
				A463A0EE8669EFF2FFFC87EE,
				7F576E83D7967200EAB4A825,
				A171474058828B4797E665B5,
				2845B0FA6C7927A2E1CE5865,
				C1B56928FD349FC1817B0817,
				EC7F971AD4C46363BA94E6F2,
				5DF9617062DDE83CB0093D2B,
				5692D6EA5135758F0CCA4881,
				F64D47862EB45C16B6DF6A0A,
			);
			runOnlyForDeploymentPostprocessing = 0;
		};
		05023856F136137D1CB8643C = {
			isa = PBXNativeTarget;
			buildConfigurationList = 45A3A11C1138FEECB988E19D;
			buildPhases = (
				D81335A340B056CEBFB4ED57,
				5BBC4ADD13424F702E877BF3,
				4581125822B33A429AC22246,
				15D550128969465A8580D7A6,
			);
			buildRules = ( );
			dependencies = (
				728C1B3AF99FF24683D9B405,
			);
			name = "VocoderTake2 - AU";
			productName = VocoderTake2;
			productReference = B53FEF7FF681818425589990;
			productType = "com.apple.product-type.bundle";
		};
		D9CC4B20F11BCA2A88213F8C = {
			isa = XCConfigurationList;
			buildConfigurations = (
				CD5D83950447616B2F313924,
				F7AE8718079911C6827FBF98,
			);
			defaultConfigurationIsVisible = 0;
			defaultConfigurationName = Debug;
		};
		5F6B913D503E096F878C89E6 = {
			isa = PBXResourcesBuildPhase;
			buildActionMask = 2147483647;
			files = (
				1863C5C2573FA169E0AFAD99,
			);
			runOnlyForDeploymentPostprocessing = 0;
		};
		86EEDE7C0F2C7D42A0D0A291 = {
			isa = PBXSourcesBuildPhase;
			buildActionMask = 2147483647;
			files = (
				F9E9A29E4FFDA24EFDDF1E95,
			);
			runOnlyForDeploymentPostprocessing = 0;
		};
		B808B41B2D748A613D9D7ABC = {
			isa = PBXFrameworksBuildPhase;
			buildActionMask = 2147483647;
			files = (
				D1AE8435779440384626C3CB,
				E9E1191CDE9FD2847D27F48F,
				B42D0BFFC1D81440C2182AE0,
				A463A0EE8669EFF2FFFC87EE,
				7F576E83D7967200EAB4A825,
				2845B0FA6C7927A2E1CE5865,
				C1B56928FD349FC1817B0817,
				EC7F971AD4C46363BA94E6F2,
				5DF9617062DDE83CB0093D2B,
				5692D6EA5135758F0CCA4881,
				F64D47862EB45C16B6DF6A0A,
			);
			runOnlyForDeploymentPostprocessing = 0;
		};
		79880A34D109B5D7A553E475 = {
			isa = PBXNativeTarget;
			buildConfigurationList = D9CC4B20F11BCA2A88213F8C;
			buildPhases = (
				5F6B913D503E096F878C89E6,
				86EEDE7C0F2C7D42A0D0A291,
				B808B41B2D748A613D9D7ABC,
			);
			buildRules = ( );
			dependencies = (
				728C1B3AF99FF24683D9B405,
			);
			name = "VocoderTake2 - Standalone Plugin";
			productName = VocoderTake2;
			productReference = A8D2D41FBC7D78F31481E770;
			productType = "com.apple.product-type.application";
		};
		61AF26A9E515063AAAD0DA30 = {
			isa = XCConfigurationList;
			buildConfigurations = (
				43633356AB9F37C0010B5E43,
				45802E563A727DD6BB08F788,
			);
			defaultConfigurationIsVisible = 0;
			defaultConfigurationName = Debug;
		};
		88D203B6C9E07271AC15D219 = {
			isa = PBXSourcesBuildPhase;
			buildActionMask = 2147483647;
			files = (
				3C23A1D8D6646C35A477D186,
				0E68E7A13EBA2E55A85B2135,
				F8547CDFBEABFAB28FEDEB06,
				2B047750A606D4214E0B22A6,
				BAD2A2CA67CC0219677F54C8,
				98CD42946380BFD550AC09AA,
				424DA5E4FFFC93A08AC055FF,
				C2FECB4C1DAD1CF5305F3DD3,
				5E19B589A8EB5A1B2FB35160,
				A26B7881BD9DE45C4134D3AD,
				25138E9C7ACFEDB71B6BE222,
				74F9C960BCB94FF584878BD3,
				808D64542744255D5B50ED4B,
				14190E44C8878624375C94B4,
				8FFC1F7E596B7A08C603812F,
				50243B891A29A69C6DA329CB,
				9BBB7E0CEA3E31D8FE17C24A,
			);
			runOnlyForDeploymentPostprocessing = 0;
		};
		83A1C01D3DCE620E585DA745 = {
			isa = PBXNativeTarget;
			buildConfigurationList = 61AF26A9E515063AAAD0DA30;
			buildPhases = (
				88D203B6C9E07271AC15D219,
			);
			buildRules = ( );
			dependencies = ( );
			name = "VocoderTake2 - Shared Code";
			productName = VocoderTake2;
			productReference = B79023CC2E1530D04BEC95C8;
			productType = "com.apple.product-type.library.static";
		};
		E766914A9A79251B6EFE3705 = {
			isa = PBXProject;
			buildConfigurationList = 25CE583EB9FB0BEF9733F055;
			attributes = { LastUpgradeCheck = 1010; ORGANIZATIONNAME = "AustinAndRyan"; TargetAttributes = { 788C793D12E8A7DF3C1F5D9E = { SystemCapabilities = {com.apple.ApplicationGroups.iOS = { enabled = 0; }; com.apple.InAppPurchase = { enabled = 0; }; com.apple.InterAppAudio = { enabled = 0; }; com.apple.Push = { enabled = 0; }; com.apple.Sandbox = { enabled = 0; }; com.apple.HardenedRuntime = { enabled = 0; }; }; };E244C1EF3156D585178B1992 = { SystemCapabilities = {com.apple.ApplicationGroups.iOS = { enabled = 0; }; com.apple.InAppPurchase = { enabled = 0; }; com.apple.InterAppAudio = { enabled = 0; }; com.apple.Push = { enabled = 0; }; com.apple.Sandbox = { enabled = 0; }; com.apple.HardenedRuntime = { enabled = 0; }; }; };05023856F136137D1CB8643C = { SystemCapabilities = {com.apple.ApplicationGroups.iOS = { enabled = 0; }; com.apple.InAppPurchase = { enabled = 0; }; com.apple.InterAppAudio = { enabled = 0; }; com.apple.Push = { enabled = 0; }; com.apple.Sandbox = { enabled = 0; }; com.apple.HardenedRuntime = { enabled = 0; }; }; };79880A34D109B5D7A553E475 = { SystemCapabilities = {com.apple.ApplicationGroups.iOS = { enabled = 0; }; com.apple.InAppPurchase = { enabled = 0; }; com.apple.InterAppAudio = { enabled = 0; }; com.apple.Push = { enabled = 0; }; com.apple.Sandbox = { enabled = 0; }; com.apple.HardenedRuntime = { enabled = 0; }; }; };83A1C01D3DCE620E585DA745 = { SystemCapabilities = {com.apple.ApplicationGroups.iOS = { enabled = 0; }; com.apple.InAppPurchase = { enabled = 0; }; com.apple.InterAppAudio = { enabled = 0; }; com.apple.Push = { enabled = 0; }; com.apple.Sandbox = { enabled = 0; }; com.apple.HardenedRuntime = { enabled = 0; }; }; }; }; };
			compatibilityVersion = "Xcode 3.2";
			hasScannedForEncodings = 0;
			mainGroup = A0D45A5D44162709103C7751;
			projectDirPath = "";
			projectRoot = "";
			targets = (788C793D12E8A7DF3C1F5D9E, E244C1EF3156D585178B1992, 05023856F136137D1CB8643C, 79880A34D109B5D7A553E475, 83A1C01D3DCE620E585DA745);
			knownRegions = (en, Base);
		};
	};
	rootObject = E766914A9A79251B6EFE3705;
}
