Microsoft Visual Studio Solution File, Format Version 11.00
# Visual Studio 2017

Project("{8BC9CEB8-8B4A-11D0-8D11-00A0C91BC942}") = "Vocoder - Standalone Plugin", "Vocoder_StandalonePlugin.vcxproj", "{1E6D74DC-B5C1-AD71-5C60-80FD4A1D480F}"
	ProjectSection(ProjectDependencies) = postProject
		{CE69254A-9F39-CD3F-0920-1B7CFE7D0539} = {CE69254A-9F39-CD3F-0920-1B7CFE7D0539}
	EndProjectSection
EndProject
Project("{8BC9CEB8-8B4A-11D0-8D11-00A0C91BC942}") = "Vocoder - VST3", "Vocoder_VST3.vcxproj", "{F8FBD54D-9786-3A07-08A1-76F133D22648}"
	ProjectSection(ProjectDependencies) = postProject
		{CE69254A-9F39-CD3F-0920-1B7CFE7D0539} = {CE69254A-9F39-CD3F-0920-1B7CFE7D0539}
	EndProjectSection
EndProject
Project("{8BC9CEB8-8B4A-11D0-8D11-00A0C91BC942}") = "Vocoder - Shared Code", "Vocoder_SharedCode.vcxproj", "{CE69254A-9F39-CD3F-0920-1B7CFE7D0539}"
EndProject
Global
	GlobalSection(SolutionConfigurationPlatforms) = preSolution
		Debug|x64 = Debug|x64
		Release|x64 = Release|x64
	EndGlobalSection
	GlobalSection(ProjectConfigurationPlatforms) = postSolution
		{F8FBD54D-9786-3A07-08A1-76F133D22648}.Debug|x64.ActiveCfg = Debug|x64
		{F8FBD54D-9786-3A07-08A1-76F133D22648}.Debug|x64.Build.0 = Debug|x64
		{F8FBD54D-9786-3A07-08A1-76F133D22648}.Release|x64.ActiveCfg = Release|x64
		{F8FBD54D-9786-3A07-08A1-76F133D22648}.Release|x64.Build.0 = Release|x64
		{1E6D74DC-B5C1-AD71-5C60-80FD4A1D480F}.Debug|x64.ActiveCfg = Debug|x64
		{1E6D74DC-B5C1-AD71-5C60-80FD4A1D480F}.Debug|x64.Build.0 = Debug|x64
		{1E6D74DC-B5C1-AD71-5C60-80FD4A1D480F}.Release|x64.ActiveCfg = Release|x64
		{1E6D74DC-B5C1-AD71-5C60-80FD4A1D480F}.Release|x64.Build.0 = Release|x64
		{CE69254A-9F39-CD3F-0920-1B7CFE7D0539}.Debug|x64.ActiveCfg = Debug|x64
		{CE69254A-9F39-CD3F-0920-1B7CFE7D0539}.Debug|x64.Build.0 = Debug|x64
		{CE69254A-9F39-CD3F-0920-1B7CFE7D0539}.Release|x64.ActiveCfg = Release|x64
		{CE69254A-9F39-CD3F-0920-1B7CFE7D0539}.Release|x64.Build.0 = Release|x64
	EndGlobalSection
	GlobalSection(SolutionProperties) = preSolution
		HideSolutionNode = FALSE
	EndGlobalSection
EndGlobal
