// !$*UTF8*$!
{
	archiveVersion = 1;
	classes = {
	};
	objectVersion = 46;
	objects = {
		66D1F1CE35647E2B387650E3 = {
			isa = PBXBuildFile;
			fileRef = CFF6FFB1897750501E4054BF;
		};
		A25A2152AECE9A2A6430FA46 = {
			isa = PBXBuildFile;
			fileRef = A9863ABD95AA10C1F404C53F;
		};
		7F41E1BFD7ECFD98248A7B8F = {
			isa = PBXBuildFile;
			fileRef = 57624DED1C6269A8ACC19493;
		};
		DB619320D4FF8B812BB7ACD6 = {
			isa = PBXBuildFile;
			fileRef = C5D36B70B966BAC4AD1E9812;
		};
		085527E7DD0038C1855BE087 = {
			isa = PBXBuildFile;
			fileRef = 291774F70D19364B850A63E1;
		};
		2AD68583CD01F40F8F5B3D0D = {
			isa = PBXBuildFile;
			fileRef = B5B6F618869AF4B67862EF66;
		};
		EADF67240FE7FE3AC117324E = {
			isa = PBXBuildFile;
			fileRef = 91E92AFEAF5659FAE297B155;
		};
		AFA7303262FC7DEC498469C7 = {
			isa = PBXBuildFile;
			fileRef = E2CD5C799492FE867B55A223;
		};
		B0C5E6210E0CEB85C88492BA = {
			isa = PBXBuildFile;
			fileRef = BC9F413C1D3CD0FB543D8DD8;
		};
		2628103612180F28136B86D1 = {
			isa = PBXBuildFile;
			fileRef = 42BEA02C6440E9CAB7C43C7D;
		};
		FFAB33AAEFCBD623EC3C4CD5 = {
			isa = PBXBuildFile;
			fileRef = 1C419F43E5121C58BE631C02;
		};
		8FFB173D945D70134BC6016F = {
			isa = PBXBuildFile;
			fileRef = 2F76018027443E4594225395;
		};
		4DAFBAA84DDAF5029D46BDA2 = {
			isa = PBXBuildFile;
			fileRef = 2A83D680A9C6056C85D37E6B;
		};
		8D00606ECA238DF834013AC7 = {
			isa = PBXBuildFile;
			fileRef = CADF7054FCC18581CA9A30F9;
		};
		B2B7EFC0B8C66D9B01CE0B2E = {
			isa = PBXBuildFile;
			fileRef = 99249DCDA05D0FABE9280D52;
		};
		2080DD0BB2CA5FF2B92F3B0E = {
			isa = PBXBuildFile;
			fileRef = 43539E7C40FC00D526D34E8F;
		};
		B7C24C764450829941517A46 = {
			isa = PBXBuildFile;
			fileRef = 45E610BD6ECCE1610FB4D7DA;
		};
		0C943E26D3AE2AD8B0ABB927 = {
			isa = PBXBuildFile;
			fileRef = 0FC6C60D1D69489363A532C4;
		};
		FAE33226C22ED20BA07058A7 = {
			isa = PBXBuildFile;
			fileRef = 4209BBF4624D69AAF864CDAD;
		};
		6B7BB6566934281843A9A337 = {
			isa = PBXBuildFile;
			fileRef = 69040750EAD9D5FBA0BC9D3A;
		};
		6584A3649ACFBE1714F1252B = {
			isa = PBXBuildFile;
			fileRef = 118B9AB758715D519A811C1A;
		};
		B17862F35CE4022A909DE8A3 = {
			isa = PBXBuildFile;
			fileRef = E53CB195B09FDB68505C0EED;
		};
		1B2FDEE11658BC7101F0EFFB = {
			isa = PBXBuildFile;
			fileRef = F37C1B177C3AE599F603E094;
		};
		B86A9441A584D9928F9A7118 = {
			isa = PBXBuildFile;
			fileRef = A16AEAB4000565E049FB9875;
		};
		062C82A5D89A34EDB1657A11 = {
			isa = PBXBuildFile;
			fileRef = BDF07C756BCB1295DDE9573D;
		};
		2BC4DDAD4FB1D842535B634A = {
			isa = PBXBuildFile;
			fileRef = C87A3275391E224870E2A7C0;
		};
		2C0D98E42660AEFB598050B8 = {
			isa = PBXBuildFile;
			fileRef = BA568AE36FF9871ACD154245;
		};
		1848D6FD3AD86EAFB58078B2 = {
			isa = PBXBuildFile;
			fileRef = 94A1A5CC7897D9A31AE9B38E;
		};
		C4F8B8B9FDB91E368B9448D4 = {
			isa = PBXBuildFile;
			fileRef = 516651867B6FCF8414F07C8E;
		};
		A17D94AF292F1276DB6DC2E2 = {
			isa = PBXBuildFile;
			fileRef = 240D2F6569E05A2A950D74B5;
		};
		D27A08EBE0F293001F860D11 = {
			isa = PBXBuildFile;
			fileRef = 81A63CE9EDA9067E83AD357E;
		};
		E71ACACE56C48265806F9FC5 = {
			isa = PBXBuildFile;
			fileRef = FC0D6AA04803B2C83F9A59BF;
		};
		895C129C05CA0BBE91A0E804 = {
			isa = PBXBuildFile;
			fileRef = 05830A091503AAD958277270;
		};
		2E61C463C668110E07B4A556 = {
			isa = PBXBuildFile;
			fileRef = AB0B79BE3630CBB14BE3AB5F;
		};
		DB104C95ADA42CA3D340AD64 = {
			isa = PBXBuildFile;
			fileRef = 59B5313D2AA005A499AFA38D;
		};
		4A5263E327769BD904E7FB1E = {
			isa = PBXBuildFile;
			fileRef = 0EAA1312070A914533A52FCE;
		};
		969ED76ED25F518C334BDADF = {
			isa = PBXBuildFile;
			fileRef = 8C01C96506B4A7CFB4CD5A23;
		};
		70CDF7977286FA0A4117BAF2 = {
			isa = PBXBuildFile;
			fileRef = E3EB13C3ED6AEF12434217E1;
		};
		4C3D9EC6A6D016C52F206166 = {
			isa = PBXBuildFile;
			fileRef = F4FC5FB6E994AC00A55D33A1;
		};
		5725C1677F9C9F30E8F73ABD = {
			isa = PBXBuildFile;
			fileRef = 2522318EEF1C1B04A7D39C81;
		};
		413F71D95E535E64DC9F548D = {
			isa = PBXBuildFile;
			fileRef = 7DBA66A36CD6588C93B1A973;
		};
		01EE3CB5A1BD9AB15CFF97DD = {
			isa = PBXFileReference;
			lastKnownFileType = file;
			name = "juce_graphics";
			path = "/Applications/JUCE/modules/juce_graphics";
			sourceTree = "<absolute>";
		};
		05830A091503AAD958277270 = {
			isa = PBXFileReference;
			lastKnownFileType = sourcecode.cpp.objcpp;
			name = "include_juce_audio_processors.mm";
			path = "../../JuceLibraryCode/include_juce_audio_processors.mm";
			sourceTree = "SOURCE_ROOT";
		};
		0649E84D17A691FBCB1FB071 = {
			isa = PBXFileReference;
			lastKnownFileType = sourcecode.c.h;
			name = AppConfig.h;
			path = ../../JuceLibraryCode/AppConfig.h;
			sourceTree = "SOURCE_ROOT";
		};
		0EAA1312070A914533A52FCE = {
			isa = PBXFileReference;
			lastKnownFileType = sourcecode.cpp.objcpp;
			name = "include_juce_data_structures.mm";
			path = "../../JuceLibraryCode/include_juce_data_structures.mm";
			sourceTree = "SOURCE_ROOT";
		};
		0FC6C60D1D69489363A532C4 = {
			isa = PBXFileReference;
			lastKnownFileType = sourcecode.cpp.cpp;
			name = GainAdjuster.cpp;
			path = ../../Source/GainAdjuster.cpp;
			sourceTree = "SOURCE_ROOT";
		};
		118B9AB758715D519A811C1A = {
			isa = PBXFileReference;
			lastKnownFileType = sourcecode.cpp.cpp;
			name = Enveloper.cpp;
			path = ../../Source/Enveloper.cpp;
			sourceTree = "SOURCE_ROOT";
		};
		1C419F43E5121C58BE631C02 = {
			isa = PBXFileReference;
			lastKnownFileType = wrapper.framework;
			name = CoreAudioKit.framework;
			path = System/Library/Frameworks/CoreAudioKit.framework;
			sourceTree = SDKROOT;
		};
		1C703708E41B93B6B9A89113 = {
			isa = PBXFileReference;
			lastKnownFileType = sourcecode.c.h;
			name = GainAdjuster.h;
			path = ../../Source/GainAdjuster.h;
			sourceTree = "SOURCE_ROOT";
		};
		240D2F6569E05A2A950D74B5 = {
			isa = PBXFileReference;
			lastKnownFileType = sourcecode.cpp.cpp;
			name = "include_juce_audio_plugin_client_utils.cpp";
			path = "../../JuceLibraryCode/include_juce_audio_plugin_client_utils.cpp";
			sourceTree = "SOURCE_ROOT";
		};
		2522318EEF1C1B04A7D39C81 = {
			isa = PBXFileReference;
			lastKnownFileType = sourcecode.cpp.objcpp;
			name = "include_juce_gui_basics.mm";
			path = "../../JuceLibraryCode/include_juce_gui_basics.mm";
			sourceTree = "SOURCE_ROOT";
		};
		291774F70D19364B850A63E1 = {
			isa = PBXFileReference;
			lastKnownFileType = wrapper.framework;
			name = Accelerate.framework;
			path = System/Library/Frameworks/Accelerate.framework;
			sourceTree = SDKROOT;
		};
		2A83D680A9C6056C85D37E6B = {
			isa = PBXFileReference;
			lastKnownFileType = wrapper.framework;
			name = DiscRecording.framework;
			path = System/Library/Frameworks/DiscRecording.framework;
			sourceTree = SDKROOT;
		};
		2F76018027443E4594225395 = {
			isa = PBXFileReference;
			lastKnownFileType = wrapper.framework;
			name = CoreMIDI.framework;
			path = System/Library/Frameworks/CoreMIDI.framework;
			sourceTree = SDKROOT;
		};
		2FFF75C7FAB769051C3A49A4 = {
			isa = PBXFileReference;
			lastKnownFileType = file;
			name = "juce_audio_basics";
			path = "/Applications/JUCE/modules/juce_audio_basics";
			sourceTree = "<absolute>";
		};
		34145D254FD4DC96795C8692 = {
			isa = PBXFileReference;
			lastKnownFileType = text.plist.xml;
			name = Vocoder.entitlements;
			path = Vocoder.entitlements;
			sourceTree = "SOURCE_ROOT";
		};
		37A51FD7BDEF25B7EC7A60D2 = {
			isa = PBXFileReference;
			lastKnownFileType = text.plist.xml;
			name = "Info-VST3.plist";
			path = "Info-VST3.plist";
			sourceTree = "SOURCE_ROOT";
		};
		3AC9772E2C68A9EC86544A5B = {
			isa = PBXFileReference;
			lastKnownFileType = sourcecode.c.h;
			name = Enveloper.h;
			path = ../../Source/Enveloper.h;
			sourceTree = "SOURCE_ROOT";
		};
		3F3D648FCA87D1809A906E7B = {
			isa = PBXFileReference;
			lastKnownFileType = sourcecode.c.h;
			name = FilterBank.h;
			path = ../../Source/FilterBank.h;
			sourceTree = "SOURCE_ROOT";
		};
		4209BBF4624D69AAF864CDAD = {
			isa = PBXFileReference;
			lastKnownFileType = sourcecode.cpp.cpp;
			name = FilterBank.cpp;
			path = ../../Source/FilterBank.cpp;
			sourceTree = "SOURCE_ROOT";
		};
		42BEA02C6440E9CAB7C43C7D = {
			isa = PBXFileReference;
			lastKnownFileType = wrapper.framework;
			name = CoreAudio.framework;
			path = System/Library/Frameworks/CoreAudio.framework;
			sourceTree = SDKROOT;
		};
		43539E7C40FC00D526D34E8F = {
			isa = PBXFileReference;
			lastKnownFileType = wrapper.framework;
			name = WebKit.framework;
			path = System/Library/Frameworks/WebKit.framework;
			sourceTree = SDKROOT;
		};
		45E610BD6ECCE1610FB4D7DA = {
			isa = PBXFileReference;
			lastKnownFileType = file.nib;
			name = RecentFilesMenuTemplate.nib;
			path = RecentFilesMenuTemplate.nib;
			sourceTree = "SOURCE_ROOT";
		};
		4820C40AF6C5717E6A3FBF81 = {
			isa = PBXFileReference;
			lastKnownFileType = text.plist.xml;
			name = "Info-Standalone_Plugin.plist";
			path = "Info-Standalone_Plugin.plist";
			sourceTree = "SOURCE_ROOT";
		};
		516651867B6FCF8414F07C8E = {
			isa = PBXFileReference;
			lastKnownFileType = sourcecode.cpp.cpp;
			name = "include_juce_audio_plugin_client_Standalone.cpp";
			path = "../../JuceLibraryCode/include_juce_audio_plugin_client_Standalone.cpp";
			sourceTree = "SOURCE_ROOT";
		};
		59B5313D2AA005A499AFA38D = {
			isa = PBXFileReference;
			lastKnownFileType = sourcecode.cpp.objcpp;
			name = "include_juce_core.mm";
			path = "../../JuceLibraryCode/include_juce_core.mm";
			sourceTree = "SOURCE_ROOT";
		};
		5BC5CDEB5914DFF90FD2F516 = {
			isa = PBXFileReference;
			lastKnownFileType = sourcecode.c.h;
			name = Vocoder.h;
			path = ../../Source/Vocoder.h;
			sourceTree = "SOURCE_ROOT";
		};
		683DE2B9E1E56E31AF2DDA18 = {
			isa = PBXFileReference;
			lastKnownFileType = text.plist.xml;
			name = "Info-AU.plist";
			path = "Info-AU.plist";
			sourceTree = "SOURCE_ROOT";
		};
		69040750EAD9D5FBA0BC9D3A = {
			isa = PBXFileReference;
			lastKnownFileType = sourcecode.cpp.cpp;
			name = Vocoder.cpp;
			path = ../../Source/Vocoder.cpp;
			sourceTree = "SOURCE_ROOT";
		};
		7DBA66A36CD6588C93B1A973 = {
			isa = PBXFileReference;
			lastKnownFileType = sourcecode.cpp.objcpp;
			name = "include_juce_gui_extra.mm";
			path = "../../JuceLibraryCode/include_juce_gui_extra.mm";
			sourceTree = "SOURCE_ROOT";
		};
		81A63CE9EDA9067E83AD357E = {
			isa = PBXFileReference;
			lastKnownFileType = sourcecode.cpp.objcpp;
			name = "include_juce_audio_plugin_client_VST_utils.mm";
			path = "../../JuceLibraryCode/include_juce_audio_plugin_client_VST_utils.mm";
			sourceTree = "SOURCE_ROOT";
		};
		82CEE971E0082D724AEDE0E6 = {
			isa = PBXFileReference;
			lastKnownFileType = file;
			name = "juce_events";
			path = "/Applications/JUCE/modules/juce_events";
			sourceTree = "<absolute>";
		};
		8C01C96506B4A7CFB4CD5A23 = {
			isa = PBXFileReference;
			lastKnownFileType = sourcecode.cpp.objcpp;
			name = "include_juce_dsp.mm";
			path = "../../JuceLibraryCode/include_juce_dsp.mm";
			sourceTree = "SOURCE_ROOT";
		};
		94A1A5CC7897D9A31AE9B38E = {
			isa = PBXFileReference;
			lastKnownFileType = sourcecode.cpp.objcpp;
			name = "include_juce_audio_plugin_client_AU_2.mm";
			path = "../../JuceLibraryCode/include_juce_audio_plugin_client_AU_2.mm";
			sourceTree = "SOURCE_ROOT";
		};
		BA568AE36FF9871ACD154245 = {
			isa = PBXFileReference;
			lastKnownFileType = sourcecode.cpp.objcpp;
			name = "include_juce_audio_plugin_client_AU_1.mm";
			path = "../../JuceLibraryCode/include_juce_audio_plugin_client_AU_1.mm";
			sourceTree = "SOURCE_ROOT";
		};
		BDF07C756BCB1295DDE9573D = {
			isa = PBXFileReference;
			lastKnownFileType = sourcecode.cpp.objcpp;
			name = "include_juce_audio_formats.mm";
			path = "../../JuceLibraryCode/include_juce_audio_formats.mm";
			sourceTree = "SOURCE_ROOT";
		};
		CFF6FFB1897750501E4054BF = {
			isa = PBXFileReference;
			explicitFileType = wrapper.cfbundle;
			includeInIndex = 0;
			path = Vocoder.vst3;
			sourceTree = "BUILT_PRODUCTS_DIR";
		};
		A9863ABD95AA10C1F404C53F = {
			isa = PBXFileReference;
			explicitFileType = wrapper.cfbundle;
			includeInIndex = 0;
			path = Vocoder.component;
			sourceTree = "BUILT_PRODUCTS_DIR";
		};
		57624DED1C6269A8ACC19493 = {
			isa = PBXFileReference;
			explicitFileType = wrapper.application;
			includeInIndex = 0;
			path = Vocoder.app;
			sourceTree = "BUILT_PRODUCTS_DIR";
		};
		91E92AFEAF5659FAE297B155 = {
			isa = PBXFileReference;
			lastKnownFileType = wrapper.framework;
			name = AudioUnit.framework;
			path = System/Library/Frameworks/AudioUnit.framework;
			sourceTree = SDKROOT;
		};
		987D45A75AAEBC01F84BC45A = {
			isa = PBXFileReference;
			lastKnownFileType = file;
			name = "juce_core";
			path = "/Applications/JUCE/modules/juce_core";
			sourceTree = "<absolute>";
		};
		99249DCDA05D0FABE9280D52 = {
			isa = PBXFileReference;
			lastKnownFileType = wrapper.framework;
			name = QuartzCore.framework;
			path = System/Library/Frameworks/QuartzCore.framework;
			sourceTree = SDKROOT;
		};
		A16AEAB4000565E049FB9875 = {
			isa = PBXFileReference;
			lastKnownFileType = sourcecode.cpp.objcpp;
			name = "include_juce_audio_devices.mm";
			path = "../../JuceLibraryCode/include_juce_audio_devices.mm";
			sourceTree = "SOURCE_ROOT";
		};
		A8A2C64B9FA7A9B9A0B0D676 = {
			isa = PBXFileReference;
			lastKnownFileType = file;
			name = "juce_audio_formats";
			path = "/Applications/JUCE/modules/juce_audio_formats";
			sourceTree = "<absolute>";
		};
		AB0B79BE3630CBB14BE3AB5F = {
			isa = PBXFileReference;
			lastKnownFileType = sourcecode.cpp.objcpp;
			name = "include_juce_audio_utils.mm";
			path = "../../JuceLibraryCode/include_juce_audio_utils.mm";
			sourceTree = "SOURCE_ROOT";
		};
		AC56B832C1D88B6ECFCD99A6 = {
			isa = PBXFileReference;
			lastKnownFileType = file;
			name = "juce_audio_utils";
			path = "/Applications/JUCE/modules/juce_audio_utils";
			sourceTree = "<absolute>";
		};
		B5B6F618869AF4B67862EF66 = {
			isa = PBXFileReference;
			lastKnownFileType = wrapper.framework;
			name = AudioToolbox.framework;
			path = System/Library/Frameworks/AudioToolbox.framework;
			sourceTree = SDKROOT;
		};
		BA63033580CBE92D15B7926E = {
			isa = PBXFileReference;
			lastKnownFileType = file;
			name = "juce_dsp";
			path = "/Applications/JUCE/modules/juce_dsp";
			sourceTree = "<absolute>";
		};
		BC9F413C1D3CD0FB543D8DD8 = {
			isa = PBXFileReference;
			lastKnownFileType = wrapper.framework;
			name = Cocoa.framework;
			path = System/Library/Frameworks/Cocoa.framework;
			sourceTree = SDKROOT;
		};
		C5D36B70B966BAC4AD1E9812 = {
			isa = PBXFileReference;
			explicitFileType = archive.ar;
			includeInIndex = 0;
			path = libVocoder.a;
			sourceTree = "BUILT_PRODUCTS_DIR";
		};
		C87A3275391E224870E2A7C0 = {
			isa = PBXFileReference;
			lastKnownFileType = file.r;
			name = "include_juce_audio_plugin_client_AU.r";
			path = "../../JuceLibraryCode/include_juce_audio_plugin_client_AU.r";
			sourceTree = "SOURCE_ROOT";
		};
		CADF7054FCC18581CA9A30F9 = {
			isa = PBXFileReference;
			lastKnownFileType = wrapper.framework;
			name = IOKit.framework;
			path = System/Library/Frameworks/IOKit.framework;
			sourceTree = SDKROOT;
		};
		CBD7BDD23D5D08B83E6D6396 = {
			isa = PBXFileReference;
			lastKnownFileType = file;
			name = "juce_audio_processors";
			path = "/Applications/JUCE/modules/juce_audio_processors";
			sourceTree = "<absolute>";
		};
		D82CFF12663AF71FB3742D12 = {
			isa = PBXFileReference;
			lastKnownFileType = file;
			name = "juce_gui_extra";
			path = "/Applications/JUCE/modules/juce_gui_extra";
			sourceTree = "<absolute>";
		};
		D9B943EDB3C026DA078C62C4 = {
			isa = PBXFileReference;
			lastKnownFileType = file;
			name = "juce_gui_basics";
			path = "/Applications/JUCE/modules/juce_gui_basics";
			sourceTree = "<absolute>";
		};
		DCB20401C5243E53B1E89400 = {
			isa = PBXFileReference;
			lastKnownFileType = sourcecode.c.h;
			name = JuceHeader.h;
			path = ../../JuceLibraryCode/JuceHeader.h;
			sourceTree = "SOURCE_ROOT";
		};
		E2CD5C799492FE867B55A223 = {
			isa = PBXFileReference;
			lastKnownFileType = wrapper.framework;
			name = Carbon.framework;
			path = System/Library/Frameworks/Carbon.framework;
			sourceTree = SDKROOT;
		};
		E3EB13C3ED6AEF12434217E1 = {
			isa = PBXFileReference;
			lastKnownFileType = sourcecode.cpp.objcpp;
			name = "include_juce_events.mm";
			path = "../../JuceLibraryCode/include_juce_events.mm";
			sourceTree = "SOURCE_ROOT";
		};
		E53CB195B09FDB68505C0EED = {
			isa = PBXFileReference;
			lastKnownFileType = sourcecode.cpp.cpp;
			name = Main.cpp;
			path = ../../Source/Main.cpp;
			sourceTree = "SOURCE_ROOT";
		};
		E602BD1A2EF7AF6D14DB77D4 = {
			isa = PBXFileReference;
			lastKnownFileType = file;
			name = "juce_data_structures";
			path = "/Applications/JUCE/modules/juce_data_structures";
			sourceTree = "<absolute>";
		};
		EDD348CD2195DB43A1CA9C35 = {
			isa = PBXFileReference;
			lastKnownFileType = file;
			name = "juce_audio_devices";
			path = "/Applications/JUCE/modules/juce_audio_devices";
			sourceTree = "<absolute>";
		};
		F192F475F1323C3FA0CF5F81 = {
			isa = PBXFileReference;
			lastKnownFileType = file;
			name = "juce_audio_plugin_client";
			path = "/Applications/JUCE/modules/juce_audio_plugin_client";
			sourceTree = "<absolute>";
		};
		F37C1B177C3AE599F603E094 = {
			isa = PBXFileReference;
			lastKnownFileType = sourcecode.cpp.objcpp;
			name = "include_juce_audio_basics.mm";
			path = "../../JuceLibraryCode/include_juce_audio_basics.mm";
			sourceTree = "SOURCE_ROOT";
		};
		F4FC5FB6E994AC00A55D33A1 = {
			isa = PBXFileReference;
			lastKnownFileType = sourcecode.cpp.objcpp;
			name = "include_juce_graphics.mm";
			path = "../../JuceLibraryCode/include_juce_graphics.mm";
			sourceTree = "SOURCE_ROOT";
		};
		FC0D6AA04803B2C83F9A59BF = {
			isa = PBXFileReference;
			lastKnownFileType = sourcecode.cpp.cpp;
			name = "include_juce_audio_plugin_client_VST3.cpp";
			path = "../../JuceLibraryCode/include_juce_audio_plugin_client_VST3.cpp";
			sourceTree = "SOURCE_ROOT";
		};
		104C4064651937946810E13E = {
			isa = PBXGroup;
			children = (
				0FC6C60D1D69489363A532C4,
				1C703708E41B93B6B9A89113,
				4209BBF4624D69AAF864CDAD,
				3F3D648FCA87D1809A906E7B,
				69040750EAD9D5FBA0BC9D3A,
				118B9AB758715D519A811C1A,
				3AC9772E2C68A9EC86544A5B,
				E53CB195B09FDB68505C0EED,
				5BC5CDEB5914DFF90FD2F516,
			);
			name = Source;
			sourceTree = "<group>";
		};
		B403AB4E02B95C70E1268F73 = {
			isa = PBXGroup;
			children = (
				104C4064651937946810E13E,
			);
			name = Vocoder;
			sourceTree = "<group>";
		};
		22A07F62739B7F8797C5DB80 = {
			isa = PBXGroup;
			children = (
				2FFF75C7FAB769051C3A49A4,
				EDD348CD2195DB43A1CA9C35,
				A8A2C64B9FA7A9B9A0B0D676,
				F192F475F1323C3FA0CF5F81,
				CBD7BDD23D5D08B83E6D6396,
				AC56B832C1D88B6ECFCD99A6,
				987D45A75AAEBC01F84BC45A,
				E602BD1A2EF7AF6D14DB77D4,
				BA63033580CBE92D15B7926E,
				82CEE971E0082D724AEDE0E6,
				01EE3CB5A1BD9AB15CFF97DD,
				D9B943EDB3C026DA078C62C4,
				D82CFF12663AF71FB3742D12,
			);
			name = "JUCE Modules";
			sourceTree = "<group>";
		};
		4D81601EEEB51A38CAEA7219 = {
			isa = PBXGroup;
			children = (
				0649E84D17A691FBCB1FB071,
				F37C1B177C3AE599F603E094,
				A16AEAB4000565E049FB9875,
				BDF07C756BCB1295DDE9573D,
				C87A3275391E224870E2A7C0,
				BA568AE36FF9871ACD154245,
				94A1A5CC7897D9A31AE9B38E,
				516651867B6FCF8414F07C8E,
				240D2F6569E05A2A950D74B5,
				81A63CE9EDA9067E83AD357E,
				FC0D6AA04803B2C83F9A59BF,
				05830A091503AAD958277270,
				AB0B79BE3630CBB14BE3AB5F,
				59B5313D2AA005A499AFA38D,
				0EAA1312070A914533A52FCE,
				8C01C96506B4A7CFB4CD5A23,
				E3EB13C3ED6AEF12434217E1,
				F4FC5FB6E994AC00A55D33A1,
				2522318EEF1C1B04A7D39C81,
				7DBA66A36CD6588C93B1A973,
				DCB20401C5243E53B1E89400,
			);
			name = "JUCE Library Code";
			sourceTree = "<group>";
		};
		417DEF27AEC8C0739A7CAEE7 = {
			isa = PBXGroup;
			children = (
				37A51FD7BDEF25B7EC7A60D2,
				683DE2B9E1E56E31AF2DDA18,
				4820C40AF6C5717E6A3FBF81,
				45E610BD6ECCE1610FB4D7DA,
			);
			name = Resources;
			sourceTree = "<group>";
		};
		C1A1F42104FB89187C4DF462 = {
			isa = PBXGroup;
			children = (
				291774F70D19364B850A63E1,
				B5B6F618869AF4B67862EF66,
				91E92AFEAF5659FAE297B155,
				E2CD5C799492FE867B55A223,
				BC9F413C1D3CD0FB543D8DD8,
				42BEA02C6440E9CAB7C43C7D,
				1C419F43E5121C58BE631C02,
				2F76018027443E4594225395,
				2A83D680A9C6056C85D37E6B,
				CADF7054FCC18581CA9A30F9,
				99249DCDA05D0FABE9280D52,
				43539E7C40FC00D526D34E8F,
			);
			name = Frameworks;
			sourceTree = "<group>";
		};
		F7420D1DE8A8AD80E640BAFB = {
			isa = PBXGroup;
			children = (
				CFF6FFB1897750501E4054BF,
				A9863ABD95AA10C1F404C53F,
				57624DED1C6269A8ACC19493,
				C5D36B70B966BAC4AD1E9812,
			);
			name = Products;
			sourceTree = "<group>";
		};
		07D29488734BCEB4095CF681 = {
			isa = PBXGroup;
			children = (
				34145D254FD4DC96795C8692,
				B403AB4E02B95C70E1268F73,
				22A07F62739B7F8797C5DB80,
				4D81601EEEB51A38CAEA7219,
				417DEF27AEC8C0739A7CAEE7,
				C1A1F42104FB89187C4DF462,
				F7420D1DE8A8AD80E640BAFB,
			);
			name = Source;
			sourceTree = "<group>";
		};
		C29D5551A52F0951B9C82CCF = {
			isa = XCBuildConfiguration;
			buildSettings = {
				MACOSX_DEPLOYMENT_TARGET = 10.11;
			};
			name = Debug;
		};
		59B772817D972EBDBF2718FF = {
			isa = XCBuildConfiguration;
			buildSettings = {
				MACOSX_DEPLOYMENT_TARGET = 10.11;
			};
			name = Release;
		};
		8745899CD7F6CA5738F50025 = {
			isa = XCBuildConfiguration;
			buildSettings = {
				CLANG_CXX_LANGUAGE_STANDARD = "c++14";
				CLANG_CXX_LIBRARY = "libc++";
				CLANG_LINK_OBJC_RUNTIME = NO;
				COMBINE_HIDPI_IMAGES = YES;
				CONFIGURATION_BUILD_DIR = "$(PROJECT_DIR)/build/$(CONFIGURATION)";
				COPY_PHASE_STRIP = NO;
				DEPLOYMENT_LOCATION = YES;
				DSTROOT = /;
				GCC_DYNAMIC_NO_PIC = NO;
				GCC_OPTIMIZATION_LEVEL = 0;
				GCC_PREPROCESSOR_DEFINITIONS = (
					"_DEBUG=1",
					"DEBUG=1",
					"JUCER_XCODE_MAC_F6D2F4CF=1",
					"JUCE_APP_VERSION=1.0.0",
					"JUCE_APP_VERSION_HEX=0x10000",
					"JucePlugin_Build_VST=0",
					"JucePlugin_Build_VST3=1",
					"JucePlugin_Build_AU=0",
					"JucePlugin_Build_AUv3=0",
					"JucePlugin_Build_RTAS=0",
					"JucePlugin_Build_AAX=0",
					"JucePlugin_Build_Standalone=0",
					"JucePlugin_Build_Unity=0",
				);
				GCC_VERSION = com.apple.compilers.llvm.clang.1_0;
				GENERATE_PKGINFO_FILE = YES;
				HEADER_SEARCH_PATHS = (
					"/Applications/JUCE/modules/juce_audio_processors/format_types/VST3_SDK",
					"../../JuceLibraryCode",
					"/Applications/JUCE/modules",
					"/Applications/JUCE/modules/juce_audio_plugin_client",
					"$(inherited)",
				);
				INFOPLIST_FILE = Info-VST3.plist;
				INFOPLIST_PREPROCESS = NO;
				INSTALL_PATH = "$(HOME)/Library/Audio/Plug-Ins/VST3/";
				LIBRARY_STYLE = Bundle;
				MACOSX_DEPLOYMENT_TARGET = 10.11;
				OTHER_LDFLAGS = "-bundle -lVocoder";
				PRODUCT_BUNDLE_IDENTIFIER = com.JUCE.Vocoder;
				PRODUCT_NAME = "Vocoder";
				USE_HEADERMAP = NO;
				WRAPPER_EXTENSION = vst3;
			};
			name = Debug;
		};
		8321E9D68354B630DFF1EE18 = {
			isa = XCBuildConfiguration;
			buildSettings = {
				CLANG_CXX_LANGUAGE_STANDARD = "c++14";
				CLANG_CXX_LIBRARY = "libc++";
				CLANG_LINK_OBJC_RUNTIME = NO;
				COMBINE_HIDPI_IMAGES = YES;
				CONFIGURATION_BUILD_DIR = "$(PROJECT_DIR)/build/$(CONFIGURATION)";
				DEAD_CODE_STRIPPING = YES;
				DEPLOYMENT_LOCATION = YES;
				DSTROOT = /;
				GCC_GENERATE_DEBUGGING_SYMBOLS = NO;
				GCC_OPTIMIZATION_LEVEL = 3;
				GCC_PREPROCESSOR_DEFINITIONS = (
					"_NDEBUG=1",
					"NDEBUG=1",
					"JUCER_XCODE_MAC_F6D2F4CF=1",
					"JUCE_APP_VERSION=1.0.0",
					"JUCE_APP_VERSION_HEX=0x10000",
					"JucePlugin_Build_VST=0",
					"JucePlugin_Build_VST3=1",
					"JucePlugin_Build_AU=0",
					"JucePlugin_Build_AUv3=0",
					"JucePlugin_Build_RTAS=0",
					"JucePlugin_Build_AAX=0",
					"JucePlugin_Build_Standalone=0",
					"JucePlugin_Build_Unity=0",
				);
				GCC_SYMBOLS_PRIVATE_EXTERN = YES;
				GCC_VERSION = com.apple.compilers.llvm.clang.1_0;
				GENERATE_PKGINFO_FILE = YES;
				HEADER_SEARCH_PATHS = (
					"/Applications/JUCE/modules/juce_audio_processors/format_types/VST3_SDK",
					"../../JuceLibraryCode",
					"/Applications/JUCE/modules",
					"/Applications/JUCE/modules/juce_audio_plugin_client",
					"$(inherited)",
				);
				INFOPLIST_FILE = Info-VST3.plist;
				INFOPLIST_PREPROCESS = NO;
				INSTALL_PATH = "$(HOME)/Library/Audio/Plug-Ins/VST3/";
				LIBRARY_STYLE = Bundle;
				LLVM_LTO = YES;
				MACOSX_DEPLOYMENT_TARGET = 10.11;
				OTHER_LDFLAGS = "-bundle -lVocoder";
				PRODUCT_BUNDLE_IDENTIFIER = com.JUCE.Vocoder;
				PRODUCT_NAME = "Vocoder";
				USE_HEADERMAP = NO;
				WRAPPER_EXTENSION = vst3;
			};
			name = Release;
		};
		37222D6C7627523508362BD9 = {
			isa = XCBuildConfiguration;
			buildSettings = {
				CLANG_CXX_LANGUAGE_STANDARD = "c++14";
				CLANG_CXX_LIBRARY = "libc++";
				CLANG_LINK_OBJC_RUNTIME = NO;
				COMBINE_HIDPI_IMAGES = YES;
				CONFIGURATION_BUILD_DIR = "$(PROJECT_DIR)/build/$(CONFIGURATION)";
				COPY_PHASE_STRIP = NO;
				DEPLOYMENT_LOCATION = YES;
				DSTROOT = /;
				GCC_DYNAMIC_NO_PIC = NO;
				GCC_OPTIMIZATION_LEVEL = 0;
				GCC_PREPROCESSOR_DEFINITIONS = (
					"_DEBUG=1",
					"DEBUG=1",
					"JUCER_XCODE_MAC_F6D2F4CF=1",
					"JUCE_APP_VERSION=1.0.0",
					"JUCE_APP_VERSION_HEX=0x10000",
					"JucePlugin_Build_VST=0",
					"JucePlugin_Build_VST3=0",
					"JucePlugin_Build_AU=1",
					"JucePlugin_Build_AUv3=0",
					"JucePlugin_Build_RTAS=0",
					"JucePlugin_Build_AAX=0",
					"JucePlugin_Build_Standalone=0",
					"JucePlugin_Build_Unity=0",
				);
				GCC_VERSION = com.apple.compilers.llvm.clang.1_0;
				GENERATE_PKGINFO_FILE = YES;
				HEADER_SEARCH_PATHS = (
					"/Applications/JUCE/modules/juce_audio_processors/format_types/VST3_SDK",
					"../../JuceLibraryCode",
					"/Applications/JUCE/modules",
					"/Applications/JUCE/modules/juce_audio_plugin_client",
					"$(inherited)",
				);
				INFOPLIST_FILE = Info-AU.plist;
				INFOPLIST_PREPROCESS = NO;
				INSTALL_PATH = "$(HOME)/Library/Audio/Plug-Ins/Components/";
				LIBRARY_STYLE = Bundle;
				MACOSX_DEPLOYMENT_TARGET = 10.11;
				OTHER_LDFLAGS = "-bundle -lVocoder";
				OTHER_REZFLAGS = "-d ppc_$ppc -d i386_$i386 -d ppc64_$ppc64 -d x86_64_$x86_64 -I /System/Library/Frameworks/CoreServices.framework/Frameworks/CarbonCore.framework/Versions/A/Headers -I \"$(DEVELOPER_DIR)/Extras/CoreAudio/AudioUnits/AUPublic/AUBase\"";
				PRODUCT_BUNDLE_IDENTIFIER = com.JUCE.Vocoder;
				PRODUCT_NAME = "Vocoder";
				USE_HEADERMAP = NO;
				WRAPPER_EXTENSION = component;
			};
			name = Debug;
		};
		BE9E222E7150B4783B36BFF2 = {
			isa = XCBuildConfiguration;
			buildSettings = {
				CLANG_CXX_LANGUAGE_STANDARD = "c++14";
				CLANG_CXX_LIBRARY = "libc++";
				CLANG_LINK_OBJC_RUNTIME = NO;
				COMBINE_HIDPI_IMAGES = YES;
				CONFIGURATION_BUILD_DIR = "$(PROJECT_DIR)/build/$(CONFIGURATION)";
				DEAD_CODE_STRIPPING = YES;
				DEPLOYMENT_LOCATION = YES;
				DSTROOT = /;
				GCC_GENERATE_DEBUGGING_SYMBOLS = NO;
				GCC_OPTIMIZATION_LEVEL = 3;
				GCC_PREPROCESSOR_DEFINITIONS = (
					"_NDEBUG=1",
					"NDEBUG=1",
					"JUCER_XCODE_MAC_F6D2F4CF=1",
					"JUCE_APP_VERSION=1.0.0",
					"JUCE_APP_VERSION_HEX=0x10000",
					"JucePlugin_Build_VST=0",
					"JucePlugin_Build_VST3=0",
					"JucePlugin_Build_AU=1",
					"JucePlugin_Build_AUv3=0",
					"JucePlugin_Build_RTAS=0",
					"JucePlugin_Build_AAX=0",
					"JucePlugin_Build_Standalone=0",
					"JucePlugin_Build_Unity=0",
				);
				GCC_SYMBOLS_PRIVATE_EXTERN = YES;
				GCC_VERSION = com.apple.compilers.llvm.clang.1_0;
				GENERATE_PKGINFO_FILE = YES;
				HEADER_SEARCH_PATHS = (
					"/Applications/JUCE/modules/juce_audio_processors/format_types/VST3_SDK",
					"../../JuceLibraryCode",
					"/Applications/JUCE/modules",
					"/Applications/JUCE/modules/juce_audio_plugin_client",
					"$(inherited)",
				);
				INFOPLIST_FILE = Info-AU.plist;
				INFOPLIST_PREPROCESS = NO;
				INSTALL_PATH = "$(HOME)/Library/Audio/Plug-Ins/Components/";
				LIBRARY_STYLE = Bundle;
				LLVM_LTO = YES;
				MACOSX_DEPLOYMENT_TARGET = 10.11;
				OTHER_LDFLAGS = "-bundle -lVocoder";
				OTHER_REZFLAGS = "-d ppc_$ppc -d i386_$i386 -d ppc64_$ppc64 -d x86_64_$x86_64 -I /System/Library/Frameworks/CoreServices.framework/Frameworks/CarbonCore.framework/Versions/A/Headers -I \"$(DEVELOPER_DIR)/Extras/CoreAudio/AudioUnits/AUPublic/AUBase\"";
				PRODUCT_BUNDLE_IDENTIFIER = com.JUCE.Vocoder;
				PRODUCT_NAME = "Vocoder";
				USE_HEADERMAP = NO;
				WRAPPER_EXTENSION = component;
			};
			name = Release;
		};
		0B2A17767671787160E8D565 = {
			isa = XCBuildConfiguration;
			buildSettings = {
				CLANG_CXX_LANGUAGE_STANDARD = "c++14";
				CLANG_CXX_LIBRARY = "libc++";
				CLANG_LINK_OBJC_RUNTIME = NO;
				COMBINE_HIDPI_IMAGES = YES;
				CONFIGURATION_BUILD_DIR = "$(PROJECT_DIR)/build/$(CONFIGURATION)";
				COPY_PHASE_STRIP = NO;
				GCC_DYNAMIC_NO_PIC = NO;
				GCC_OPTIMIZATION_LEVEL = 0;
				GCC_PREPROCESSOR_DEFINITIONS = (
					"_DEBUG=1",
					"DEBUG=1",
					"JUCER_XCODE_MAC_F6D2F4CF=1",
					"JUCE_APP_VERSION=1.0.0",
					"JUCE_APP_VERSION_HEX=0x10000",
					"JucePlugin_Build_VST=0",
					"JucePlugin_Build_VST3=0",
					"JucePlugin_Build_AU=0",
					"JucePlugin_Build_AUv3=0",
					"JucePlugin_Build_RTAS=0",
					"JucePlugin_Build_AAX=0",
					"JucePlugin_Build_Standalone=1",
					"JucePlugin_Build_Unity=0",
				);
				GCC_VERSION = com.apple.compilers.llvm.clang.1_0;
				HEADER_SEARCH_PATHS = (
					"/Applications/JUCE/modules/juce_audio_processors/format_types/VST3_SDK",
					"../../JuceLibraryCode",
					"/Applications/JUCE/modules",
					"/Applications/JUCE/modules/juce_audio_plugin_client",
					"$(inherited)",
				);
				INFOPLIST_FILE = Info-Standalone_Plugin.plist;
				INFOPLIST_PREPROCESS = NO;
				MACOSX_DEPLOYMENT_TARGET = 10.11;
				OTHER_LDFLAGS = "-lVocoder";
				PRODUCT_BUNDLE_IDENTIFIER = com.JUCE.Vocoder;
				PRODUCT_NAME = "Vocoder";
				USE_HEADERMAP = NO;
			};
			name = Debug;
		};
		3774061F2AD9D65A752F6951 = {
			isa = XCBuildConfiguration;
			buildSettings = {
				CLANG_CXX_LANGUAGE_STANDARD = "c++14";
				CLANG_CXX_LIBRARY = "libc++";
				CLANG_LINK_OBJC_RUNTIME = NO;
				COMBINE_HIDPI_IMAGES = YES;
				CONFIGURATION_BUILD_DIR = "$(PROJECT_DIR)/build/$(CONFIGURATION)";
				DEAD_CODE_STRIPPING = YES;
				GCC_GENERATE_DEBUGGING_SYMBOLS = NO;
				GCC_OPTIMIZATION_LEVEL = 3;
				GCC_PREPROCESSOR_DEFINITIONS = (
					"_NDEBUG=1",
					"NDEBUG=1",
					"JUCER_XCODE_MAC_F6D2F4CF=1",
					"JUCE_APP_VERSION=1.0.0",
					"JUCE_APP_VERSION_HEX=0x10000",
					"JucePlugin_Build_VST=0",
					"JucePlugin_Build_VST3=0",
					"JucePlugin_Build_AU=0",
					"JucePlugin_Build_AUv3=0",
					"JucePlugin_Build_RTAS=0",
					"JucePlugin_Build_AAX=0",
					"JucePlugin_Build_Standalone=1",
					"JucePlugin_Build_Unity=0",
				);
				GCC_SYMBOLS_PRIVATE_EXTERN = YES;
				GCC_VERSION = com.apple.compilers.llvm.clang.1_0;
				HEADER_SEARCH_PATHS = (
					"/Applications/JUCE/modules/juce_audio_processors/format_types/VST3_SDK",
					"../../JuceLibraryCode",
					"/Applications/JUCE/modules",
					"/Applications/JUCE/modules/juce_audio_plugin_client",
					"$(inherited)",
				);
				INFOPLIST_FILE = Info-Standalone_Plugin.plist;
				INFOPLIST_PREPROCESS = NO;
				LLVM_LTO = YES;
				MACOSX_DEPLOYMENT_TARGET = 10.11;
				OTHER_LDFLAGS = "-lVocoder";
				PRODUCT_BUNDLE_IDENTIFIER = com.JUCE.Vocoder;
				PRODUCT_NAME = "Vocoder";
				USE_HEADERMAP = NO;
			};
			name = Release;
		};
		5C9DCE4EA7A503C41BD7C24D = {
			isa = XCBuildConfiguration;
			buildSettings = {
				CLANG_CXX_LANGUAGE_STANDARD = "c++14";
				CLANG_CXX_LIBRARY = "libc++";
				CLANG_LINK_OBJC_RUNTIME = NO;
				COMBINE_HIDPI_IMAGES = YES;
				CONFIGURATION_BUILD_DIR = "$(PROJECT_DIR)/build/$(CONFIGURATION)";
				COPY_PHASE_STRIP = NO;
				GCC_DYNAMIC_NO_PIC = NO;
				GCC_OPTIMIZATION_LEVEL = 0;
				GCC_PREPROCESSOR_DEFINITIONS = (
					"_DEBUG=1",
					"DEBUG=1",
					"JUCER_XCODE_MAC_F6D2F4CF=1",
					"JUCE_APP_VERSION=1.0.0",
					"JUCE_APP_VERSION_HEX=0x10000",
					"JucePlugin_Build_VST=0",
					"JucePlugin_Build_VST3=1",
					"JucePlugin_Build_AU=1",
					"JucePlugin_Build_AUv3=0",
					"JucePlugin_Build_RTAS=0",
					"JucePlugin_Build_AAX=0",
					"JucePlugin_Build_Standalone=1",
					"JucePlugin_Build_Unity=0",
					"JUCE_SHARED_CODE=1",
				);
				GCC_VERSION = com.apple.compilers.llvm.clang.1_0;
				HEADER_SEARCH_PATHS = (
					"/Applications/JUCE/modules/juce_audio_processors/format_types/VST3_SDK",
					"../../JuceLibraryCode",
					"/Applications/JUCE/modules",
					"/Applications/JUCE/modules/juce_audio_plugin_client",
					"$(inherited)",
				);
				INSTALL_PATH = "@executable_path/../Frameworks";
				MACOSX_DEPLOYMENT_TARGET = 10.11;
				PRODUCT_BUNDLE_IDENTIFIER = com.JUCE.Vocoder;
				PRODUCT_NAME = "Vocoder";
				SKIP_INSTALL = YES;
				USE_HEADERMAP = NO;
			};
			name = Debug;
		};
		981AEDE724AD925F8E92B9AF = {
			isa = XCBuildConfiguration;
			buildSettings = {
				CLANG_CXX_LANGUAGE_STANDARD = "c++14";
				CLANG_CXX_LIBRARY = "libc++";
				CLANG_LINK_OBJC_RUNTIME = NO;
				COMBINE_HIDPI_IMAGES = YES;
				CONFIGURATION_BUILD_DIR = "$(PROJECT_DIR)/build/$(CONFIGURATION)";
				DEAD_CODE_STRIPPING = YES;
				GCC_GENERATE_DEBUGGING_SYMBOLS = NO;
				GCC_OPTIMIZATION_LEVEL = 3;
				GCC_PREPROCESSOR_DEFINITIONS = (
					"_NDEBUG=1",
					"NDEBUG=1",
					"JUCER_XCODE_MAC_F6D2F4CF=1",
					"JUCE_APP_VERSION=1.0.0",
					"JUCE_APP_VERSION_HEX=0x10000",
					"JucePlugin_Build_VST=0",
					"JucePlugin_Build_VST3=1",
					"JucePlugin_Build_AU=1",
					"JucePlugin_Build_AUv3=0",
					"JucePlugin_Build_RTAS=0",
					"JucePlugin_Build_AAX=0",
					"JucePlugin_Build_Standalone=1",
					"JucePlugin_Build_Unity=0",
					"JUCE_SHARED_CODE=1",
				);
				GCC_SYMBOLS_PRIVATE_EXTERN = YES;
				GCC_VERSION = com.apple.compilers.llvm.clang.1_0;
				HEADER_SEARCH_PATHS = (
					"/Applications/JUCE/modules/juce_audio_processors/format_types/VST3_SDK",
					"../../JuceLibraryCode",
					"/Applications/JUCE/modules",
					"/Applications/JUCE/modules/juce_audio_plugin_client",
					"$(inherited)",
				);
				INSTALL_PATH = "@executable_path/../Frameworks";
				LLVM_LTO = YES;
				MACOSX_DEPLOYMENT_TARGET = 10.11;
				PRODUCT_BUNDLE_IDENTIFIER = com.JUCE.Vocoder;
				PRODUCT_NAME = "Vocoder";
				SKIP_INSTALL = YES;
				USE_HEADERMAP = NO;
			};
			name = Release;
		};
		72792E6FB7DF996F29BDDA22 = {
			isa = XCBuildConfiguration;
			buildSettings = {
				ALWAYS_SEARCH_USER_PATHS = NO;
				CLANG_ENABLE_OBJC_WEAK = YES;
				CLANG_WARN_BLOCK_CAPTURE_AUTORELEASING = YES;
				CLANG_WARN_BOOL_CONVERSION = YES;
				CLANG_WARN_COMMA = YES;
				CLANG_WARN_CONSTANT_CONVERSION = YES;
				CLANG_WARN_DEPRECATED_OBJC_IMPLEMENTATIONS = YES;
				CLANG_WARN_EMPTY_BODY = YES;
				CLANG_WARN_ENUM_CONVERSION = YES;
				CLANG_WARN_INFINITE_RECURSION = YES;
				CLANG_WARN_INT_CONVERSION = YES;
				CLANG_WARN_NON_LITERAL_NULL_CONVERSION = YES;
				CLANG_WARN_OBJC_IMPLICIT_RETAIN_SELF = YES;
				CLANG_WARN_OBJC_LITERAL_CONVERSION = YES;
				CLANG_WARN_RANGE_LOOP_ANALYSIS = YES;
				CLANG_WARN_STRICT_PROTOTYPES = YES;
				CLANG_WARN_SUSPICIOUS_MOVE = YES;
				CLANG_WARN_UNREACHABLE_CODE = YES;
				CLANG_WARN__DUPLICATE_METHOD_MATCH = YES;
				DEBUG_INFORMATION_FORMAT = dwarf;
				ENABLE_STRICT_OBJC_MSGSEND = YES;
				ENABLE_TESTABILITY = YES;
				GCC_C_LANGUAGE_STANDARD = c11;
				GCC_INLINES_ARE_PRIVATE_EXTERN = YES;
				GCC_MODEL_TUNING = G5;
				GCC_NO_COMMON_BLOCKS = YES;
				GCC_WARN_64_TO_32_BIT_CONVERSION = YES;
				GCC_WARN_ABOUT_RETURN_TYPE = YES;
				GCC_WARN_CHECK_SWITCH_STATEMENTS = YES;
				GCC_WARN_MISSING_PARENTHESES = YES;
				GCC_WARN_NON_VIRTUAL_DESTRUCTOR = YES;
				GCC_WARN_TYPECHECK_CALLS_TO_PRINTF = YES;
				GCC_WARN_UNDECLARED_SELECTOR = YES;
				GCC_WARN_UNINITIALIZED_AUTOS = YES;
				GCC_WARN_UNUSED_FUNCTION = YES;
				GCC_WARN_UNUSED_VARIABLE = YES;
				ONLY_ACTIVE_ARCH = YES;
				PRODUCT_NAME = "Vocoder";
				WARNING_CFLAGS = "-Wreorder";
				ZERO_LINK = NO;
			};
			name = Debug;
		};
		24B36E2E54C8E7F7F13F3B60 = {
			isa = XCBuildConfiguration;
			buildSettings = {
				ALWAYS_SEARCH_USER_PATHS = NO;
				CLANG_ENABLE_OBJC_WEAK = YES;
				CLANG_WARN_BLOCK_CAPTURE_AUTORELEASING = YES;
				CLANG_WARN_BOOL_CONVERSION = YES;
				CLANG_WARN_COMMA = YES;
				CLANG_WARN_CONSTANT_CONVERSION = YES;
				CLANG_WARN_DEPRECATED_OBJC_IMPLEMENTATIONS = YES;
				CLANG_WARN_EMPTY_BODY = YES;
				CLANG_WARN_ENUM_CONVERSION = YES;
				CLANG_WARN_INFINITE_RECURSION = YES;
				CLANG_WARN_INT_CONVERSION = YES;
				CLANG_WARN_NON_LITERAL_NULL_CONVERSION = YES;
				CLANG_WARN_OBJC_IMPLICIT_RETAIN_SELF = YES;
				CLANG_WARN_OBJC_LITERAL_CONVERSION = YES;
				CLANG_WARN_RANGE_LOOP_ANALYSIS = YES;
				CLANG_WARN_STRICT_PROTOTYPES = YES;
				CLANG_WARN_SUSPICIOUS_MOVE = YES;
				CLANG_WARN_UNREACHABLE_CODE = YES;
				CLANG_WARN__DUPLICATE_METHOD_MATCH = YES;
				DEBUG_INFORMATION_FORMAT = dwarf;
				ENABLE_STRICT_OBJC_MSGSEND = YES;
				GCC_C_LANGUAGE_STANDARD = c11;
				GCC_INLINES_ARE_PRIVATE_EXTERN = YES;
				GCC_MODEL_TUNING = G5;
				GCC_NO_COMMON_BLOCKS = YES;
				GCC_WARN_64_TO_32_BIT_CONVERSION = YES;
				GCC_WARN_ABOUT_RETURN_TYPE = YES;
				GCC_WARN_CHECK_SWITCH_STATEMENTS = YES;
				GCC_WARN_MISSING_PARENTHESES = YES;
				GCC_WARN_NON_VIRTUAL_DESTRUCTOR = YES;
				GCC_WARN_TYPECHECK_CALLS_TO_PRINTF = YES;
				GCC_WARN_UNDECLARED_SELECTOR = YES;
				GCC_WARN_UNINITIALIZED_AUTOS = YES;
				GCC_WARN_UNUSED_FUNCTION = YES;
				GCC_WARN_UNUSED_VARIABLE = YES;
				PRODUCT_NAME = "Vocoder";
				WARNING_CFLAGS = "-Wreorder";
				ZERO_LINK = NO;
			};
			name = Release;
		};
		0726090F4911CA87EB2C4260 = {
			isa = PBXTargetDependency;
			target = D8EB0D0604CB8E3BC76D24A7;
		};
		6E28A73DD2E4DDEACD992B9D = {
			isa = PBXTargetDependency;
			target = C02D65FA84FE2A65B87EBB49;
		};
		D25D3943158219B711F4B36F = {
			isa = PBXTargetDependency;
			target = 970621FF0C8D573BFFA56832;
		};
		3C7238403347BF17C9F3B8AC = {
			isa = PBXTargetDependency;
			target = 7C0ABC161F7921D54D49C045;
		};
		40873A879BF2D7A584279CBA = {
			isa = XCConfigurationList;
			buildConfigurations = (
				72792E6FB7DF996F29BDDA22,
				24B36E2E54C8E7F7F13F3B60,
			);
			defaultConfigurationIsVisible = 0;
			defaultConfigurationName = Debug;
		};
		DBA63E4A898CA8FF631D20DC = {
			isa = XCConfigurationList;
			buildConfigurations = (
				C29D5551A52F0951B9C82CCF,
				59B772817D972EBDBF2718FF,
			);
			defaultConfigurationIsVisible = 0;
			defaultConfigurationName = Debug;
		};
		13650F5AD6051EB89F40434D = {
			isa = PBXAggregateTarget;
			buildConfigurationList = DBA63E4A898CA8FF631D20DC;
			buildPhases = ( );
			buildRules = ( );
			dependencies = (
				0726090F4911CA87EB2C4260,
				6E28A73DD2E4DDEACD992B9D,
				D25D3943158219B711F4B36F,
				3C7238403347BF17C9F3B8AC,
			);
			name = "Vocoder - All";
			productName = Vocoder;
		};
		840F4B0A3E9433C861D7EE11 = {
			isa = XCConfigurationList;
			buildConfigurations = (
				8745899CD7F6CA5738F50025,
				8321E9D68354B630DFF1EE18,
			);
			defaultConfigurationIsVisible = 0;
			defaultConfigurationName = Debug;
		};
		CFECCD1DA91B1ADF7C0BCD61 = {
			isa = PBXResourcesBuildPhase;
			buildActionMask = 2147483647;
			files = (
				B7C24C764450829941517A46,
			);
			runOnlyForDeploymentPostprocessing = 0;
		};
		C737F59DDCD97BDA375B3333 = {
			isa = PBXSourcesBuildPhase;
			buildActionMask = 2147483647;
			files = (
				E71ACACE56C48265806F9FC5,
			);
			runOnlyForDeploymentPostprocessing = 0;
		};
		309CDF5936331C7495CCF7AE = {
			isa = PBXFrameworksBuildPhase;
			buildActionMask = 2147483647;
			files = (
				085527E7DD0038C1855BE087,
				2AD68583CD01F40F8F5B3D0D,
				AFA7303262FC7DEC498469C7,
				B0C5E6210E0CEB85C88492BA,
				2628103612180F28136B86D1,
				8FFB173D945D70134BC6016F,
				4DAFBAA84DDAF5029D46BDA2,
				8D00606ECA238DF834013AC7,
				B2B7EFC0B8C66D9B01CE0B2E,
				2080DD0BB2CA5FF2B92F3B0E,
			);
			runOnlyForDeploymentPostprocessing = 0;
		};
		D8EB0D0604CB8E3BC76D24A7 = {
			isa = PBXNativeTarget;
			buildConfigurationList = 840F4B0A3E9433C861D7EE11;
			buildPhases = (
				CFECCD1DA91B1ADF7C0BCD61,
				C737F59DDCD97BDA375B3333,
				309CDF5936331C7495CCF7AE,
			);
			buildRules = ( );
			dependencies = (
				3C7238403347BF17C9F3B8AC,
			);
			name = "Vocoder - VST3";
			productName = Vocoder;
			productReference = CFF6FFB1897750501E4054BF;
			productType = "com.apple.product-type.bundle";
		};
		5A642D927B747445AA9A5930 = {
			isa = XCConfigurationList;
			buildConfigurations = (
				37222D6C7627523508362BD9,
				BE9E222E7150B4783B36BFF2,
			);
			defaultConfigurationIsVisible = 0;
			defaultConfigurationName = Debug;
		};
		BE2EECA5DCCDDD1C97E83125 = {
			isa = PBXResourcesBuildPhase;
			buildActionMask = 2147483647;
			files = (
				B7C24C764450829941517A46,
			);
			runOnlyForDeploymentPostprocessing = 0;
		};
		F3C989E1E378B41D40CC34D8 = {
			isa = PBXRezBuildPhase;
			buildActionMask = 2147483647;
			files = (
				2BC4DDAD4FB1D842535B634A,
			);
			runOnlyForDeploymentPostprocessing = 0;
		};
		4D3F789F9B4C9A310862810D = {
			isa = PBXSourcesBuildPhase;
			buildActionMask = 2147483647;
			files = (
				2C0D98E42660AEFB598050B8,
				1848D6FD3AD86EAFB58078B2,
			);
			runOnlyForDeploymentPostprocessing = 0;
		};
		944966DEA2A0F3E28FA66F06 = {
			isa = PBXFrameworksBuildPhase;
			buildActionMask = 2147483647;
			files = (
				085527E7DD0038C1855BE087,
				2AD68583CD01F40F8F5B3D0D,
				EADF67240FE7FE3AC117324E,
				AFA7303262FC7DEC498469C7,
				B0C5E6210E0CEB85C88492BA,
				2628103612180F28136B86D1,
				FFAB33AAEFCBD623EC3C4CD5,
				8FFB173D945D70134BC6016F,
				4DAFBAA84DDAF5029D46BDA2,
				8D00606ECA238DF834013AC7,
				B2B7EFC0B8C66D9B01CE0B2E,
				2080DD0BB2CA5FF2B92F3B0E,
			);
			runOnlyForDeploymentPostprocessing = 0;
		};
		C02D65FA84FE2A65B87EBB49 = {
			isa = PBXNativeTarget;
			buildConfigurationList = 5A642D927B747445AA9A5930;
			buildPhases = (
				BE2EECA5DCCDDD1C97E83125,
				F3C989E1E378B41D40CC34D8,
				4D3F789F9B4C9A310862810D,
				944966DEA2A0F3E28FA66F06,
			);
			buildRules = ( );
			dependencies = (
				3C7238403347BF17C9F3B8AC,
			);
			name = "Vocoder - AU";
			productName = Vocoder;
			productReference = A9863ABD95AA10C1F404C53F;
			productType = "com.apple.product-type.bundle";
		};
		910924014808152FEADFDCA1 = {
			isa = XCConfigurationList;
			buildConfigurations = (
				0B2A17767671787160E8D565,
				3774061F2AD9D65A752F6951,
			);
			defaultConfigurationIsVisible = 0;
			defaultConfigurationName = Debug;
		};
		2CBB23A9DD8FB2B783F09FC0 = {
			isa = PBXResourcesBuildPhase;
			buildActionMask = 2147483647;
			files = (
				B7C24C764450829941517A46,
			);
			runOnlyForDeploymentPostprocessing = 0;
		};
		1B516A24469640A069541D1C = {
			isa = PBXSourcesBuildPhase;
			buildActionMask = 2147483647;
			files = (
				C4F8B8B9FDB91E368B9448D4,
			);
			runOnlyForDeploymentPostprocessing = 0;
		};
		A72FE77D5A67CECE699657CC = {
			isa = PBXFrameworksBuildPhase;
			buildActionMask = 2147483647;
			files = (
				085527E7DD0038C1855BE087,
				2AD68583CD01F40F8F5B3D0D,
				AFA7303262FC7DEC498469C7,
				B0C5E6210E0CEB85C88492BA,
				2628103612180F28136B86D1,
				8FFB173D945D70134BC6016F,
				4DAFBAA84DDAF5029D46BDA2,
				8D00606ECA238DF834013AC7,
				B2B7EFC0B8C66D9B01CE0B2E,
				2080DD0BB2CA5FF2B92F3B0E,
			);
			runOnlyForDeploymentPostprocessing = 0;
		};
		970621FF0C8D573BFFA56832 = {
			isa = PBXNativeTarget;
			buildConfigurationList = 910924014808152FEADFDCA1;
			buildPhases = (
				2CBB23A9DD8FB2B783F09FC0,
				1B516A24469640A069541D1C,
				A72FE77D5A67CECE699657CC,
			);
			buildRules = ( );
			dependencies = (
				3C7238403347BF17C9F3B8AC,
			);
			name = "Vocoder - Standalone Plugin";
			productName = Vocoder;
			productReference = 57624DED1C6269A8ACC19493;
			productType = "com.apple.product-type.application";
		};
		9BA384FE34737D5CA23EDB99 = {
			isa = XCConfigurationList;
			buildConfigurations = (
				5C9DCE4EA7A503C41BD7C24D,
				981AEDE724AD925F8E92B9AF,
			);
			defaultConfigurationIsVisible = 0;
			defaultConfigurationName = Debug;
		};
		98C490E88922402EAB927FD1 = {
			isa = PBXSourcesBuildPhase;
			buildActionMask = 2147483647;
			files = (
				0C943E26D3AE2AD8B0ABB927,
				FAE33226C22ED20BA07058A7,
				6B7BB6566934281843A9A337,
				6584A3649ACFBE1714F1252B,
				B17862F35CE4022A909DE8A3,
				1B2FDEE11658BC7101F0EFFB,
				B86A9441A584D9928F9A7118,
				062C82A5D89A34EDB1657A11,
				A17D94AF292F1276DB6DC2E2,
				D27A08EBE0F293001F860D11,
				895C129C05CA0BBE91A0E804,
				2E61C463C668110E07B4A556,
				DB104C95ADA42CA3D340AD64,
				4A5263E327769BD904E7FB1E,
				969ED76ED25F518C334BDADF,
				70CDF7977286FA0A4117BAF2,
				4C3D9EC6A6D016C52F206166,
				5725C1677F9C9F30E8F73ABD,
				413F71D95E535E64DC9F548D,
			);
			runOnlyForDeploymentPostprocessing = 0;
		};
		7C0ABC161F7921D54D49C045 = {
			isa = PBXNativeTarget;
			buildConfigurationList = 9BA384FE34737D5CA23EDB99;
			buildPhases = (
				98C490E88922402EAB927FD1,
			);
			buildRules = ( );
			dependencies = ( );
			name = "Vocoder - Shared Code";
			productName = Vocoder;
			productReference = C5D36B70B966BAC4AD1E9812;
			productType = "com.apple.product-type.library.static";
		};
		A22AE9704D9BB2FA1945209F = {
			isa = PBXProject;
			buildConfigurationList = 40873A879BF2D7A584279CBA;
			attributes = { LastUpgradeCheck = 0930; ORGANIZATIONNAME = "JUCE"; TargetAttributes = { 13650F5AD6051EB89F40434D = { SystemCapabilities = {com.apple.ApplicationGroups.iOS = { enabled = 0; }; com.apple.InAppPurchase = { enabled = 0; }; com.apple.InterAppAudio = { enabled = 0; }; com.apple.Push = { enabled = 0; }; com.apple.Sandbox = { enabled = 0; }; com.apple.HardenedRuntime = { enabled = 0; }; }; };D8EB0D0604CB8E3BC76D24A7 = { SystemCapabilities = {com.apple.ApplicationGroups.iOS = { enabled = 0; }; com.apple.InAppPurchase = { enabled = 0; }; com.apple.InterAppAudio = { enabled = 0; }; com.apple.Push = { enabled = 0; }; com.apple.Sandbox = { enabled = 0; }; com.apple.HardenedRuntime = { enabled = 0; }; }; };C02D65FA84FE2A65B87EBB49 = { SystemCapabilities = {com.apple.ApplicationGroups.iOS = { enabled = 0; }; com.apple.InAppPurchase = { enabled = 0; }; com.apple.InterAppAudio = { enabled = 0; }; com.apple.Push = { enabled = 0; }; com.apple.Sandbox = { enabled = 0; }; com.apple.HardenedRuntime = { enabled = 0; }; }; };970621FF0C8D573BFFA56832 = { SystemCapabilities = {com.apple.ApplicationGroups.iOS = { enabled = 0; }; com.apple.InAppPurchase = { enabled = 0; }; com.apple.InterAppAudio = { enabled = 0; }; com.apple.Push = { enabled = 0; }; com.apple.Sandbox = { enabled = 0; }; com.apple.HardenedRuntime = { enabled = 0; }; }; };7C0ABC161F7921D54D49C045 = { SystemCapabilities = {com.apple.ApplicationGroups.iOS = { enabled = 0; }; com.apple.InAppPurchase = { enabled = 0; }; com.apple.InterAppAudio = { enabled = 0; }; com.apple.Push = { enabled = 0; }; com.apple.Sandbox = { enabled = 0; }; com.apple.HardenedRuntime = { enabled = 0; }; }; }; }; };
			compatibilityVersion = "Xcode 3.2";
			hasScannedForEncodings = 0;
			mainGroup = 07D29488734BCEB4095CF681;
			projectDirPath = "";
			projectRoot = "";
			targets = (13650F5AD6051EB89F40434D, D8EB0D0604CB8E3BC76D24A7, C02D65FA84FE2A65B87EBB49, 970621FF0C8D573BFFA56832, 7C0ABC161F7921D54D49C045);
			knownRegions = (en, Base);
		};
	};
	rootObject = A22AE9704D9BB2FA1945209F;
}
